# This file is generated by running "yarn install" inside your project.
# Manual changes might be lost - proceed with caution!

__metadata:
  version: 4
  cacheKey: 7

"lodash@npm:^4.0.0":
  version: 4.17.21
  resolution: "lodash@npm:4.17.21"
  checksum: 4983720b9abca930a4a46f18db163d7dad8dd00dbed6db0cc7b499b33b717cce69f80928b27bbb1ff2cbd3b19d251ee90669a8b5ea466072ca81c2ebe91e7468
  languageName: node
  linkType: hard

"one-package@workspace:.":
  version: 0.0.0-use.local
  resolution: "one-package@workspace:."
  dependencies:
    lodash: ^4.0.0
  languageName: unknown
  linkType: soft
