# This file is generated by running "yarn install" inside your project.
# Manual changes might be lost - proceed with caution!

__metadata:
  version: 8
  cacheKey: 10c0

"balanced-match@npm:^1.0.0":
  version: 1.0.2
  resolution: "balanced-match@npm:1.0.2"
  checksum: 10c0/9308baf0a7e4838a82bbfd11e01b1cb0f0cf2893bc1676c27c2a8c0e70cbae1c59120c3268517a8ae7fb6376b4639ef81ca22582611dbee4ed28df945134aaee
  languageName: node
  linkType: hard

"osv-scanner@workspace:.":
  version: 0.0.0-use.local
  resolution: "osv-scanner@workspace:."
  dependencies:
    balanced-match: "npm:^1.0.0"
    supports-color: "npm:10.0.0"
  languageName: unknown
  linkType: soft

"supports-color@npm:10.0.0":
  version: 10.0.0
  resolution: "supports-color@npm:10.0.0"
  checksum: 10c0/0e7884dfd02a07b3c6e0b235346f58c19f0201f1e44f7807583581761b354688c8577378785b5a4e3b03110809786c4c808e0e086cd91911f7b8bc59132703a8
  languageName: node
  linkType: hard
