{
  "requires": true,
  "lockfileVersion": 1,
  "dependencies": {
    "ansi-html": {
      "version": "0.0.1",
      "resolved": "https://registry.npmjs.org/ansi-html/-/ansi-html-0.0.1.tgz",
      "dependencies": {
        "ajv": {
          "version": "6.0.0",
          "resolved": "https://registry.npmjs.org/ajv/-/ajv-6.0.0.tgz"
        }
      }
    },
    "ajv": {
      "version": "8.0.0",
      "resolved": "https://registry.npmjs.org/ajv/-/ajv-8.0.0.tgz"
    }
  }
}
