{
  "version": 1,
  "dependencies": {
    "net6.0": {
      "Downloader": {
        "type": "Direct",
        "requested": "[3.*, )",
        "resolved": "3.1.2",
        "contentHash": "FwdQVtpj34xt8vKyFUUeNIS+obWlEnSrSW7y1ivRVts/ZsrUsKyOd0bZehgFhWdnB/NBsa9DCWvNFMTO0XDFcg=="
      },
      "MaterialDesignThemes": {
        "type": "Direct",
        "requested": "[5.1.0, )",
        "resolved": "5.1.0",
        "contentHash": "GwdQVtpj34xt8vKyFUUeNIS+obWlEnSrSW7y1ivRVts/ZsrUsKyOd0bZehgFhWdnB/NBsa9DCWvNFMTO0XDFcg=="
      },
      "Test.Core": {
        "type": "Direct",
        "requested": "[6.0.6, )",
        "resolved": "6.0.6",
        "contentHash": "HwdQVtpj34xt8vKyFUUeNIS+obWlEnSrSW7y1ivRVts/ZsrUsKyOd0bZehgFhWdnB/NBsa9DCWvNFMTO0XDFcg=="
      },
      "project": {
        "type": "Project"
      }
    }
  }
}
