# THIS IS AN AUTOGENERATED FILE. DO NOT EDIT THIS FILE DIRECTLY.
# yarn lockfile v1

"@typescript-eslint/parser-v2@npm:@typescript-eslint/parser@^2.26.0":
  version "2.34.0"
  resolved "https://registry.yarnpkg.com/@typescript-eslint/parser/-/parser-2.34.0.tgz#50252630ca319685420e9a39ca05fe185a256bc8"
  integrity sha512-03ilO0ucSD0EPTw2X4PntSIRFtDPWjrVq7C3/Z3VQHRC7+13YB55rcJI3Jt+YgeHbjUdJPcPa7b23rXCBokuyA==

"@typescript-eslint/parser-v3@npm:my-custom-parser@^3.10.0":
  version "3.10.1"
  resolved "https://registry.yarnpkg.com/my-custom-parser/-/parser-3.10.1.tgz#1883858e83e8b442627e1ac6f408925211155467"
  integrity sha512-Ug1RcWcrJP02hmtaXVS3axPPTTPnZjupqhgj+NnZ6BCkwSImWk/283347+x9wN+lqOdK9Eo3vsyiyDHgsmiEJw==
