# THIS IS AN AUTOGENERATED FILE. DO NOT EDIT THIS FILE DIRECTLY.
# yarn lockfile v1


"domino@https://github.com/angular/domino.git#f2435fe1f9f7c91ade0bd472c4723e5eacd7d19a":
  version "2.1.6+git"
  resolved "git+ssh://git@github.com/angular/domino.git"
  integrity sha512-1D4hj4hN9Q3Coi+gXZjFlxrm+7Jkhe/WBWU6loAQ/BqDWDRYwqQB1YkKbCVvfaVJXAB8OM2sae7KMyqM69pfRQ==

tslib@^2.3.0:
  version "2.6.2"
  resolved "https://registry.npmjs.org/tslib/-/tslib-2.6.2.tgz"
  integrity sha512-AEYxH93jGFPn/a2iVAwW87VuUIkR1FVUKB77NwMF7nBTDkDrrT/Hpt/IrCJ0QXhW27jTBDcf5ZY7w6RiqTMw2Q==
