# THIS IS AN AUTOGENERATED FILE. DO NOT EDIT THIS FILE DIRECTLY.
# yarn lockfile v1


"@aws-sdk/core@^3.535.0":
  version "3.598.0"
  resolved "https://registry.yarnpkg.com/@aws-sdk/core/-/core-3.598.0.tgz#82a069d703be0cafe3ddeacb1de51981ee4faa25"
  integrity sha512-HaSjt7puO5Cc7cOlrXFCW0rtA0BM9lvzjl56x0A20Pt+0wxXGeTOZZOkXQIepbrFkV2e/HYukuT9e99vXDm59g==
  dependencies:
    "@smithy/core" "^2.2.1"
    "@smithy/protocol-http" "^4.0.1"
    "@smithy/signature-v4" "^3.1.0"
    "@smithy/smithy-client" "^3.1.2"
    "@smithy/types" "^3.1.0"
    fast-xml-parser "4.2.5"
    tslib "^2.6.2"

"@smithy/abort-controller@^3.0.1":
  version "3.0.1"
  resolved "https://registry.yarnpkg.com/@smithy/abort-controller/-/abort-controller-3.0.1.tgz#bb8debe1c23ca62a61b33a9ee2918f5a79d81928"
  integrity sha512-Jb7jg4E+C+uvrUQi+h9kbILY6ts6fglKZzseMCHlH9ayq+1f5QdpYf8MV/xppuiN6DAMJAmwGz53GwP3213dmA==
  dependencies:
    "@smithy/types" "^3.1.0"
    tslib "^2.6.2"

"@smithy/core@^2.2.1":
  version "2.2.1"
  resolved "https://registry.yarnpkg.com/@smithy/core/-/core-2.2.1.tgz#92ed71eb96ef16d5ac8b23dbdf913bcb225ab875"
  integrity sha512-R8Pzrr2v2oGUoj4CTZtKPr87lVtBsz7IUBGhSwS1kc6Cj0yPwNdYbkzhFsxhoDE9+BPl09VN/6rFsW9GJzWnBA==
  dependencies:
    "@smithy/middleware-endpoint" "^3.0.2"
    "@smithy/middleware-retry" "^3.0.4"
    "@smithy/middleware-serde" "^3.0.1"
    "@smithy/protocol-http" "^4.0.1"
    "@smithy/smithy-client" "^3.1.2"
    "@smithy/types" "^3.1.0"
    "@smithy/util-middleware" "^3.0.1"
    tslib "^2.6.2"

"@smithy/fetch-http-handler@^3.0.2":
  version "3.0.2"
  resolved "https://registry.yarnpkg.com/@smithy/fetch-http-handler/-/fetch-http-handler-3.0.2.tgz#eff4056e819b3591d1c5d472ee58c2981886920a"
  integrity sha512-0nW6tLK0b7EqSsfKvnOmZCgJqnodBAnvqcrlC5dotKfklLedPTRGsQamSVbVDWyuU/QGg+YbZDJUQ0CUufJXZQ==
  dependencies:
    "@smithy/protocol-http" "^4.0.1"
    "@smithy/querystring-builder" "^3.0.1"
    "@smithy/types" "^3.1.0"
    "@smithy/util-base64" "^3.0.0"
    tslib "^2.6.2"

"@smithy/is-array-buffer@^3.0.0":
  version "3.0.0"
  resolved "https://registry.yarnpkg.com/@smithy/is-array-buffer/-/is-array-buffer-3.0.0.tgz#9a95c2d46b8768946a9eec7f935feaddcffa5e7a"
  integrity sha512-+Fsu6Q6C4RSJiy81Y8eApjEB5gVtM+oFKTffg+jSuwtvomJJrhUJBu2zS8wjXSgH/g1MKEWrzyChTBe6clb5FQ==
  dependencies:
    tslib "^2.6.2"

"@smithy/middleware-endpoint@^3.0.2":
  version "3.0.2"
  resolved "https://registry.yarnpkg.com/@smithy/middleware-endpoint/-/middleware-endpoint-3.0.2.tgz#93bb575a25bb0bd5d1d18cd77157ccb2ba15112a"
  integrity sha512-gWEaGYB3Bei17Oiy/F2IlUPpBazNXImytoOdJ1xbrUOaJKAOiUhx8/4FOnYLLJHdAwa9PlvJ2ULda2f/Dnwi9w==
  dependencies:
    "@smithy/middleware-serde" "^3.0.1"
    "@smithy/node-config-provider" "^3.1.1"
    "@smithy/shared-ini-file-loader" "^3.1.1"
    "@smithy/types" "^3.1.0"
    "@smithy/url-parser" "^3.0.1"
    "@smithy/util-middleware" "^3.0.1"
    tslib "^2.6.2"

"@smithy/middleware-retry@^3.0.4":
  version "3.0.4"
  resolved "https://registry.yarnpkg.com/@smithy/middleware-retry/-/middleware-retry-3.0.4.tgz#4f1a23c218fe279659c3d88ec1c18bf19938eba6"
  integrity sha512-Tu+FggbLNF5G9L6Wi8o32Mg4bhlBInWlhhaFKyytGRnkfxGopxFVXJQn7sjZdFYJyTz6RZZa06tnlvavUgtoVg==
  dependencies:
    "@smithy/node-config-provider" "^3.1.1"
    "@smithy/protocol-http" "^4.0.1"
    "@smithy/service-error-classification" "^3.0.1"
    "@smithy/smithy-client" "^3.1.2"
    "@smithy/types" "^3.1.0"
    "@smithy/util-middleware" "^3.0.1"
    "@smithy/util-retry" "^3.0.1"
    tslib "^2.6.2"
    uuid "^9.0.1"

"@smithy/middleware-serde@^3.0.1":
  version "3.0.1"
  resolved "https://registry.yarnpkg.com/@smithy/middleware-serde/-/middleware-serde-3.0.1.tgz#566ec46ee84873108c1cea26b3f3bd2899a73249"
  integrity sha512-ak6H/ZRN05r5+SR0/IUc5zOSyh2qp3HReg1KkrnaSLXmncy9lwOjNqybX4L4x55/e5mtVDn1uf/gQ6bw5neJPw==
  dependencies:
    "@smithy/types" "^3.1.0"
    tslib "^2.6.2"

"@smithy/middleware-stack@^3.0.1":
  version "3.0.1"
  resolved "https://registry.yarnpkg.com/@smithy/middleware-stack/-/middleware-stack-3.0.1.tgz#9418f1295efda318c181bf3bca65173a75d133e5"
  integrity sha512-fS5uT//y1SlBdkzIvgmWQ9FufwMXrHSSbuR25ygMy1CRDIZkcBMoF4oTMYNfR9kBlVBcVzlv7joFdNrFuQirPA==
  dependencies:
    "@smithy/types" "^3.1.0"
    tslib "^2.6.2"

"@smithy/node-config-provider@^3.1.1":
  version "3.1.1"
  resolved "https://registry.yarnpkg.com/@smithy/node-config-provider/-/node-config-provider-3.1.1.tgz#a361ab228d2229b03cc2fbdfd304055c38127614"
  integrity sha512-z5G7+ysL4yUtMghUd2zrLkecu0mTfnYlt5dR76g/HsFqf7evFazwiZP1ag2EJenGxNBDwDM5g8nm11NPogiUVA==
  dependencies:
    "@smithy/property-provider" "^3.1.1"
    "@smithy/shared-ini-file-loader" "^3.1.1"
    "@smithy/types" "^3.1.0"
    tslib "^2.6.2"

"@smithy/node-http-handler@^3.0.1":
  version "3.0.1"
  resolved "https://registry.yarnpkg.com/@smithy/node-http-handler/-/node-http-handler-3.0.1.tgz#40e1ebe00aeb628a46a3a12b14ad6cabb69b576e"
  integrity sha512-hlBI6MuREA4o1wBMEt+QNhUzoDtFFvwR6ecufimlx9D79jPybE/r8kNorphXOi91PgSO9S2fxRjcKCLk7Jw8zA==
  dependencies:
    "@smithy/abort-controller" "^3.0.1"
    "@smithy/protocol-http" "^4.0.1"
    "@smithy/querystring-builder" "^3.0.1"
    "@smithy/types" "^3.1.0"
    tslib "^2.6.2"

"@smithy/property-provider@^3.1.1":
  version "3.1.1"
  resolved "https://registry.yarnpkg.com/@smithy/property-provider/-/property-provider-3.1.1.tgz#4849b69b83ac97e68e80d2dc0c2b98ce5950dffe"
  integrity sha512-YknOMZcQkB5on+MU0DvbToCmT2YPtTETMXW0D3+/Iln7ezT+Zm1GMHhCW1dOH/X/+LkkQD9aXEoCX/B10s4Xdw==
  dependencies:
    "@smithy/types" "^3.1.0"
    tslib "^2.6.2"

"@smithy/protocol-http@^4.0.1":
  version "4.0.1"
  resolved "https://registry.yarnpkg.com/@smithy/protocol-http/-/protocol-http-4.0.1.tgz#7b57080565816f229d2391726f537e13371c7e38"
  integrity sha512-eBhm9zwcFPEazc654c0BEWtxYAzrw+OhoSf5pkwKzfftWKXRoqEhwOE2Pvn30v0iAdo7Mfsfb6pi1NnZlGCMpg==
  dependencies:
    "@smithy/types" "^3.1.0"
    tslib "^2.6.2"

"@smithy/querystring-builder@^3.0.1":
  version "3.0.1"
  resolved "https://registry.yarnpkg.com/@smithy/querystring-builder/-/querystring-builder-3.0.1.tgz#8fb20e1d13154661612954c5ba448e0875be6118"
  integrity sha512-vKitpnG/2KOMVlx3x1S3FkBH075EROG3wcrcDaNerQNh8yuqnSL23btCD2UyX4i4lpPzNW6VFdxbn2Z25b/g5Q==
  dependencies:
    "@smithy/types" "^3.1.0"
    "@smithy/util-uri-escape" "^3.0.0"
    tslib "^2.6.2"

"@smithy/querystring-parser@^3.0.1":
  version "3.0.1"
  resolved "https://registry.yarnpkg.com/@smithy/querystring-parser/-/querystring-parser-3.0.1.tgz#68589196fedf280aad2c0a69a2a016f78b2137cf"
  integrity sha512-Qt8DMC05lVS8NcQx94lfVbZSX+2Ym7032b/JR8AlboAa/D669kPzqb35dkjkvAG6+NWmUchef3ENtrD6F+5n8Q==
  dependencies:
    "@smithy/types" "^3.1.0"
    tslib "^2.6.2"

"@smithy/service-error-classification@^3.0.1":
  version "3.0.1"
  resolved "https://registry.yarnpkg.com/@smithy/service-error-classification/-/service-error-classification-3.0.1.tgz#23db475d3cef726e8bf3435229e6e04e4de92430"
  integrity sha512-ubFUvIePjDCyIzZ+pLETqNC6KXJ/fc6g+/baqel7Zf6kJI/kZKgjwkCI7zbUhoUuOZ/4eA/87YasVu40b/B4bA==
  dependencies:
    "@smithy/types" "^3.1.0"

"@smithy/shared-ini-file-loader@^3.1.1":
  version "3.1.1"
  resolved "https://registry.yarnpkg.com/@smithy/shared-ini-file-loader/-/shared-ini-file-loader-3.1.1.tgz#752ecd8962a660ded75d25341a48feb94f145a6f"
  integrity sha512-nD6tXIX2126/P9e3wqRY1bm9dTtPZwRDyjVOd18G28o+1UOG+kOVgUwujE795HslSuPlEgqzsH5sgNP1hDjj9g==
  dependencies:
    "@smithy/types" "^3.1.0"
    tslib "^2.6.2"

"@smithy/signature-v4@^3.1.0":
  version "3.1.0"
  resolved "https://registry.yarnpkg.com/@smithy/signature-v4/-/signature-v4-3.1.0.tgz#cc819568c4fcbadce107901680a96e662bccc86a"
  integrity sha512-m0/6LW3IQ3/JBcdhqjpkpABPTPhcejqeAn0U877zxBdNLiWAnG2WmCe5MfkUyVuvpFTPQnQwCo/0ZBR4uF5kxg==
  dependencies:
    "@smithy/is-array-buffer" "^3.0.0"
    "@smithy/types" "^3.1.0"
    "@smithy/util-hex-encoding" "^3.0.0"
    "@smithy/util-middleware" "^3.0.1"
    "@smithy/util-uri-escape" "^3.0.0"
    "@smithy/util-utf8" "^3.0.0"
    tslib "^2.6.2"

"@smithy/smithy-client@^3.1.2":
  version "3.1.2"
  resolved "https://registry.yarnpkg.com/@smithy/smithy-client/-/smithy-client-3.1.2.tgz#1c27ab4910bbfd6c0bc04ddd8412494e7a7daba7"
  integrity sha512-f3eQpczBOFUtdT/ptw2WpUKu1qH1K7xrssrSiHYtd9TuLXkvFqb88l9mz9FHeUVNSUxSnkW1anJnw6rLwUKzQQ==
  dependencies:
    "@smithy/middleware-endpoint" "^3.0.2"
    "@smithy/middleware-stack" "^3.0.1"
    "@smithy/protocol-http" "^4.0.1"
    "@smithy/types" "^3.1.0"
    "@smithy/util-stream" "^3.0.2"
    tslib "^2.6.2"

"@smithy/types@^3.1.0":
  version "3.1.0"
  resolved "https://registry.yarnpkg.com/@smithy/types/-/types-3.1.0.tgz#e2eb2e2130026a8a0631b2605c17df1975aa99d6"
  integrity sha512-qi4SeCVOUPjhSSZrxxB/mB8DrmuSFUcJnD9KXjuP+7C3LV/KFV4kpuUSH3OHDZgQB9TEH/1sO/Fq/5HyaK9MPw==
  dependencies:
    tslib "^2.6.2"

"@smithy/url-parser@^3.0.1":
  version "3.0.1"
  resolved "https://registry.yarnpkg.com/@smithy/url-parser/-/url-parser-3.0.1.tgz#5451fc7034e9eda112696d1a9508746a7f8b0521"
  integrity sha512-G140IlNFlzYWVCedC4E2d6NycM1dCUbe5CnsGW1hmGt4hYKiGOw0v7lVru9WAn5T2w09QEjl4fOESWjGmCvVmg==
  dependencies:
    "@smithy/querystring-parser" "^3.0.1"
    "@smithy/types" "^3.1.0"
    tslib "^2.6.2"

"@smithy/util-base64@^3.0.0":
  version "3.0.0"
  resolved "https://registry.yarnpkg.com/@smithy/util-base64/-/util-base64-3.0.0.tgz#f7a9a82adf34e27a72d0719395713edf0e493017"
  integrity sha512-Kxvoh5Qtt0CDsfajiZOCpJxgtPHXOKwmM+Zy4waD43UoEMA+qPxxa98aE/7ZhdnBFZFXMOiBR5xbcaMhLtznQQ==
  dependencies:
    "@smithy/util-buffer-from" "^3.0.0"
    "@smithy/util-utf8" "^3.0.0"
    tslib "^2.6.2"

"@smithy/util-buffer-from@^3.0.0":
  version "3.0.0"
  resolved "https://registry.yarnpkg.com/@smithy/util-buffer-from/-/util-buffer-from-3.0.0.tgz#559fc1c86138a89b2edaefc1e6677780c24594e3"
  integrity sha512-aEOHCgq5RWFbP+UDPvPot26EJHjOC+bRgse5A8V3FSShqd5E5UN4qc7zkwsvJPPAVsf73QwYcHN1/gt/rtLwQA==
  dependencies:
    "@smithy/is-array-buffer" "^3.0.0"
    tslib "^2.6.2"

"@smithy/util-hex-encoding@^3.0.0":
  version "3.0.0"
  resolved "https://registry.yarnpkg.com/@smithy/util-hex-encoding/-/util-hex-encoding-3.0.0.tgz#32938b33d5bf2a15796cd3f178a55b4155c535e6"
  integrity sha512-eFndh1WEK5YMUYvy3lPlVmYY/fZcQE1D8oSf41Id2vCeIkKJXPcYDCZD+4+xViI6b1XSd7tE+s5AmXzz5ilabQ==
  dependencies:
    tslib "^2.6.2"

"@smithy/util-middleware@^3.0.1":
  version "3.0.1"
  resolved "https://registry.yarnpkg.com/@smithy/util-middleware/-/util-middleware-3.0.1.tgz#3e0eabaf936e62651a0b9a7c7c3bbe43d3971c91"
  integrity sha512-WRODCQtUsO7vIvfrdxS8RFPeLKcewYtaCglZsBsedIKSUGIIvMlZT5oh+pCe72I+1L+OjnZuqRNpN2LKhWA4KQ==
  dependencies:
    "@smithy/types" "^3.1.0"
    tslib "^2.6.2"

"@smithy/util-retry@^3.0.1":
  version "3.0.1"
  resolved "https://registry.yarnpkg.com/@smithy/util-retry/-/util-retry-3.0.1.tgz#24037ff87a314a1ac99f80da43f579ae2352fe18"
  integrity sha512-5lRtYm+8fNFEUTdqZXg5M4ppVp40rMIJfR1TpbHAhKQgPIDpWT+iYMaqgnwEbtpi9U1smyUOPv5Sg+M1neOBgw==
  dependencies:
    "@smithy/service-error-classification" "^3.0.1"
    "@smithy/types" "^3.1.0"
    tslib "^2.6.2"

"@smithy/util-stream@^3.0.2":
  version "3.0.2"
  resolved "https://registry.yarnpkg.com/@smithy/util-stream/-/util-stream-3.0.2.tgz#ed1377bfe824d8acfc105ab2d17ec4f376382cb2"
  integrity sha512-n5Obp5AnlI6qHo8sbupwrcpBe6vFp4qkl0SRNuExKPNrH3ABAMG2ZszRTIUIv2b4AsFrCO+qiy4uH1Q3z1dxTA==
  dependencies:
    "@smithy/fetch-http-handler" "^3.0.2"
    "@smithy/node-http-handler" "^3.0.1"
    "@smithy/types" "^3.1.0"
    "@smithy/util-base64" "^3.0.0"
    "@smithy/util-buffer-from" "^3.0.0"
    "@smithy/util-hex-encoding" "^3.0.0"
    "@smithy/util-utf8" "^3.0.0"
    tslib "^2.6.2"

"@smithy/util-uri-escape@^3.0.0":
  version "3.0.0"
  resolved "https://registry.yarnpkg.com/@smithy/util-uri-escape/-/util-uri-escape-3.0.0.tgz#e43358a78bf45d50bb736770077f0f09195b6f54"
  integrity sha512-LqR7qYLgZTD7nWLBecUi4aqolw8Mhza9ArpNEQ881MJJIU2sE5iHCK6TdyqqzcDLy0OPe10IY4T8ctVdtynubg==
  dependencies:
    tslib "^2.6.2"

"@smithy/util-utf8@^3.0.0":
  version "3.0.0"
  resolved "https://registry.yarnpkg.com/@smithy/util-utf8/-/util-utf8-3.0.0.tgz#1a6a823d47cbec1fd6933e5fc87df975286d9d6a"
  integrity sha512-rUeT12bxFnplYDe815GXbq/oixEGHfRFFtcTF3YdDi/JaENIM6aSYYLJydG83UNzLXeRI5K8abYd/8Sp/QM0kA==
  dependencies:
    "@smithy/util-buffer-from" "^3.0.0"
    tslib "^2.6.2"

fast-xml-parser@4.2.5:
  version "4.2.5"
  resolved "https://registry.yarnpkg.com/fast-xml-parser/-/fast-xml-parser-4.2.5.tgz#a6747a09296a6cb34f2ae634019bf1738f3b421f"
  integrity sha512-B9/wizE4WngqQftFPmdaMYlXoJlJOYxGQOanC77fq9k8+Z0v5dDSVh+3glErdIROP//s/jgb7ZuxKfB8nVyo0g==
  dependencies:
    strnum "^1.0.5"

fast-xml-parser@^4.2.5:
  version "4.4.0"
  resolved "https://registry.yarnpkg.com/fast-xml-parser/-/fast-xml-parser-4.4.0.tgz#341cc98de71e9ba9e651a67f41f1752d1441a501"
  integrity sha512-kLY3jFlwIYwBNDojclKsNAC12sfD6NwW74QB2CoNGPvtVxjliYehVunB3HYyNi+n4Tt1dAcgwYvmKF/Z18flqg==
  dependencies:
    strnum "^1.0.5"

strnum@^1.0.5:
  version "1.0.5"
  resolved "https://registry.yarnpkg.com/strnum/-/strnum-1.0.5.tgz#5c4e829fe15ad4ff0d20c3db5ac97b73c9b072db"
  integrity sha512-J8bbNyKKXl5qYcR36TIO8W3mVGVHrmmxsd5PAItGkmyzwJvybiw2IVq5nqd0i4LSNSkB/sx9VHllbfFdr9k1JA==

tslib@^2.6.2:
  version "2.6.3"
  resolved "https://registry.yarnpkg.com/tslib/-/tslib-2.6.3.tgz#0438f810ad7a9edcde7a241c3d80db693c8cbfe0"
  integrity sha512-xNvxJEOUiWPGhUuUdQgAJPKOOJfGnIyKySOc09XkKsgdUV/3E2zvwZYdejjmRgPCgcym1juLH3226yA7sEFJKQ==

uuid@^9.0.1:
  version "9.0.1"
  resolved "https://registry.yarnpkg.com/uuid/-/uuid-9.0.1.tgz#e188d4c8853cc722220392c424cd637f32293f30"
  integrity sha512-b+1eJOlsR9K8HJpow9Ok3fiWOWSIcIzXodvv0rQjVoOVNpWMpxf1wZNpt4y9h10odCNrqnYp1OBzRktckBe3sA==
