# This file is generated by running "yarn install" inside your project.
# Manual changes might be lost - proceed with caution!

__metadata:
  version: 4
  cacheKey: 7

"fast-xml-parser@npm:^4.2.5":
  version: 4.4.0
  resolution: "fast-xml-parser@npm:4.4.0"
  dependencies:
    strnum: ^1.0.5
  bin:
    fxparser: src/cli/cli.js
  checksum: 99bb1df8789dd9a8526662f6eff75bebffcae3decca7d3268f9e0fe2930a6deb482ada4e18917de01c629aa48b1ead73ca78a7545797a3b1d37351e91b3535c4
  languageName: node
  linkType: hard

"resolutions@workspace:.":
  version: 0.0.0-use.local
  resolution: "resolutions@workspace:."
  dependencies:
    fast-xml-parser: ^4.2.5
  languageName: unknown
  linkType: soft

"strnum@npm:^1.0.5":
  version: 1.0.5
  resolution: "strnum@npm:1.0.5"
  checksum: 8b73ef3de223bd07c662d1983fbadbfc8faedbbd75322e4d03a334e48ca5ca405d960a106bf7163f9f528e831b8cb173b9c9896bc37d6f97f8c78f8dd93ad7a2
  languageName: node
  linkType: hard
