PODS:
  - GlossButtonNode (3.1.2):
    - Texture/Core (~> 3)
    - TextureSwiftSupport (>= 3.10.0)
  - PINCache (3.0.3):
    - PINCache/Arc-exception-safe (= 3.0.3)
    - PINCache/Core (= 3.0.3)

DEPENDENCIES:
  - GlossButtonNode
  - Reveal-SDK
  - SwiftGen
  - Texture
  - TextureSwiftSupport
  - TinyConstraints

SPEC REPOS:
  trunk:
    - GlossButtonNode
    - PINCache
    - PINOperation
    - PINRemoteImage
    - Reveal-SDK
    - SwiftGen
    - Texture
    - TextureSwiftSupport
    - TinyConstraints

SPEC CHECKSUMS:
  GlossButtonNode: 4ea1197a744f2fb5fb875fe31caf17ded4762e8f
  PINCache: 7a8fc1a691173d21dbddbf86cd515de6efa55086
  PINOperation: 00c935935f1e8cf0d1e2d6b542e75b88fc3e5e20
  PINRemoteImage: f1295b29f8c5e640e25335a1b2bd9d805171bd01
  Reveal-SDK: effba1c940b8337195563c425a6b5862ec875caa
  SwiftGen: a6d22010845f08fe18fbdf3a07a8e380fd22e0ea
  Texture: 2e8ab2519452515f7f5a520f5a8f7e0a413abfa3
  TextureSwiftSupport: c515c7927fab92d0d9485f49b885b8c5de34fbfb
  TinyConstraints: 7b7ccc0c485bb3bb47082138ff28bc33cd49897f

PODFILE CHECKSUM: 07aa55f54421f6e6d3a920c11716a89fc9243d1b

COCOAPODS: 1.11.2
