lockfileVersion: 5.4

specifiers:
  debug: ^0.7
  jear: ^0.1.4

dependencies:
  debug: 0.7.4
  jear: 0.1.4

packages:

  /commander/2.0.0:
    resolution: {integrity: sha512-qebjpyeaA/nJ4w3EO2cV2++/zEkccPnjWogzA2rff+Lk8ILI75vULeTmyd4wPxWdKwtP3J+G39IXVZadh0UHyw==}
    engines: {node: '>= 0.6.x'}
    dev: false

  /debug/0.7.4:
    resolution: {integrity: sha512-EohAb3+DSHSGx8carOSKJe8G0ayV5/i609OD0J2orCkuyae7SyZSz2aoLmQF2s0Pj5gITDebwPH7GFBlqOUQ1Q==}
    peerDependencies:
      supports-color: '*'
    peerDependenciesMeta:
      supports-color:
        optional: true
    dev: false

  /jear/0.1.4:
    resolution: {integrity: sha512-vhbsHDNMtMg3sSMUQsnOHGBHvdbLY2iCJEjbW9PC9wfQIR9+FDcIarauJ6HY1A7q3TFmuCqK0pK0iE1fn/A7Yw==}
    engines: {node: '>=0.10'}
    hasBin: true
    dependencies:
      commander: 2.0.0
      debug: 0.7.4
      shelljs: 0.1.4
      velocityjs: 0.3.16
    transitivePeerDependencies:
      - supports-color
    dev: false

  /shelljs/0.1.4:
    resolution: {integrity: sha512-UkXLBuUzAJwkal/0eYnQs8LpXQ4grKL5kPtA0RkUzhj1khUvw5Z2d717GRTRclDWQ+Y14yWkiM9cJX2CwSHxpw==}
    hasBin: true
    dev: false

  /velocityjs/0.3.16:
    resolution: {integrity: sha512-XRFM5ZMDi8l2zjt9UaVcdn999KOVfF7Bj5HYh0QReMMStSqO6Nz9INP4oJD4lKz1vxMnqrHfmlgu+bA8OHpDCg==}
    engines: {node: '>=0.8.0'}
    hasBin: true
    dev: false
