# This file is generated by running "yarn install" inside your project.
# Manual changes might be lost - proceed with caution!

__metadata:
  version: 4
  cacheKey: 7

"commander@npm:~2.0.0":
  version: 2.0.0
  resolution: "commander@npm:2.0.0"
  checksum: 726bee5e3eceaa63c5a3a6e3857052b6008e5f5fcd5cd1c94ef60724406e51e9cc83484a73b58c454d14c67936401ec2d7bb8dcf394edf9929a32125e4f57681
  languageName: node
  linkType: hard

"debug@npm:^0.7, debug@npm:~0.7.2":
  version: 0.7.4
  resolution: "debug@npm:0.7.4"
  checksum: 659c076bef89b0f95951aaa0d392cc6ed128598f2501e4719ea6285d24b960b1816f77614c50024882cb1254c0c7426990f0bd05736eb5dfc60fb652f790f8c8
  languageName: node
  linkType: hard

"jear@npm:^0.1.4":
  version: 0.1.4
  resolution: "jear@npm:0.1.4"
  dependencies:
    commander: ~2.0.0
    debug: ~0.7.2
    shelljs: ~0.1.4
    velocityjs: ~0.3.15
  bin:
    jear: ./bin/jear
  checksum: 1e4263c6176d740193d889a492d60f9f52d251bd26ecf4bad6cf620af7c55cf3ca6d66c62a81acb79cb7614638f935fbb33fe243fccd3e84644055fd51ec096e
  languageName: node
  linkType: hard

"osv-scanner@workspace:.":
  version: 0.0.0-use.local
  resolution: "osv-scanner@workspace:."
  dependencies:
    debug: ^0.7
    jear: ^0.1.4
  languageName: unknown
  linkType: soft

"shelljs@npm:~0.1.4":
  version: 0.1.4
  resolution: "shelljs@npm:0.1.4"
  bin:
    shjs: ./bin/shjs
  checksum: 60f662af4442b7356e1903b1bffd7f4b08f69c6f978eaa91c1919049617db58c578e74c9064f7b635c12567eb0298e88c4e6f74666e0bfdb7ae4292f9eda60b8
  languageName: node
  linkType: hard

"velocityjs@npm:~0.3.15":
  version: 0.3.16
  resolution: "velocityjs@npm:0.3.16"
  bin:
    velocity: bin/velocity
  checksum: fa4f6c5be913893e28cb38db29981a04a2f7423c20a67fbf31dd902bcee9fc03beafa13091a3e48f7acc2458a4ceb1f89a568b11121a833208d560de312166f9
  languageName: node
  linkType: hard
