# THIS IS AN AUTOGENERATED FILE. DO NOT EDIT THIS FILE DIRECTLY.
# yarn lockfile v1


commander@~2.0.0:
  version "2.0.0"
  resolved "https://registry.yarnpkg.com/commander/-/commander-2.0.0.tgz#d1b86f901f8b64bd941bdeadaf924530393be928"
  integrity sha512-qebjpyeaA/nJ4w3EO2cV2++/zEkccPnjWogzA2rff+Lk8ILI75vULeTmyd4wPxWdKwtP3J+G39IXVZadh0UHyw==

debug@^0.7, debug@~0.7.2:
  version "0.7.4"
  resolved "https://registry.yarnpkg.com/debug/-/debug-0.7.4.tgz#06e1ea8082c2cb14e39806e22e2f6f757f92af39"
  integrity sha512-EohAb3+DSHSGx8carOSKJe8G0ayV5/i609OD0J2orCkuyae7SyZSz2aoLmQF2s0Pj5gITDebwPH7GFBlqOUQ1Q==

jear@^0.1.4:
  version "0.1.4"
  resolved "https://registry.yarnpkg.com/jear/-/jear-0.1.4.tgz#c7b4f65e1804edef4d97038a662e8c05da140136"
  integrity sha512-vhbsHDNMtMg3sSMUQsnOHGBHvdbLY2iCJEjbW9PC9wfQIR9+FDcIarauJ6HY1A7q3TFmuCqK0pK0iE1fn/A7Yw==
  dependencies:
    commander "~2.0.0"
    debug "~0.7.2"
    shelljs "~0.1.4"
    velocityjs "~0.3.15"

shelljs@~0.1.4:
  version "0.1.4"
  resolved "https://registry.yarnpkg.com/shelljs/-/shelljs-0.1.4.tgz#dfbbe78d56c3c0168d2fb79e10ecd1dbcb07ec0e"
  integrity sha512-UkXLBuUzAJwkal/0eYnQs8LpXQ4grKL5kPtA0RkUzhj1khUvw5Z2d717GRTRclDWQ+Y14yWkiM9cJX2CwSHxpw==

velocityjs@~0.3.15:
  version "0.3.16"
  resolved "https://registry.yarnpkg.com/velocityjs/-/velocityjs-0.3.16.tgz#d5da96d7cc8737f0481a0e85adb50e363da58dfe"
  integrity sha512-XRFM5ZMDi8l2zjt9UaVcdn999KOVfF7Bj5HYh0QReMMStSqO6Nz9INP4oJD4lKz1vxMnqrHfmlgu+bA8OHpDCg==
