# This file is generated by running "yarn install" inside your project.
# Manual changes might be lost - proceed with caution!

__metadata:
  version: 6
  cacheKey: 8

"domino@https://github.com/angular/domino.git#f2435fe1f9f7c91ade0bd472c4723e5eacd7d19a":
  version: 2.1.6+git
  resolution: "domino@https://github.com/angular/domino.git#commit=f2435fe1f9f7c91ade0bd472c4723e5eacd7d19a"
  checksum: 0d9cacf8fd9ee104b9608dd1bb309520db40026e9b31533f3de5994a779bddbf0865820b67bc735c7dcb8067497c35835eb14c1656c31e0679d250f1cfd41073
  languageName: node
  linkType: hard

"tslib@npm:^2.3.0":
  version: 2.6.2
  resolution: "tslib@npm:2.6.2"
  checksum: 329ea56123005922f39642318e3d1f0f8265d1e7fcb92c633e0809521da75eeaca28d2cf96d7248229deb40e5c19adf408259f4b9640afd20d13aecc1430f3ad
  languageName: node
  linkType: hard

"zone.js@workspace:.":
  version: 0.0.0-use.local
  resolution: "zone.js@workspace:."
  dependencies:
    domino: "https://github.com/angular/domino.git#f2435fe1f9f7c91ade0bd472c4723e5eacd7d19a"
    tslib: ^2.3.0
  languageName: unknown
  linkType: soft
