# This file is generated by running "yarn install" inside your project.
# Manual changes might be lost - proceed with caution!

__metadata:
  version: 4
  cacheKey: 7

"@babel/code-frame@npm:^7.12.13":
  version: 7.24.7
  resolution: "@babel/code-frame@npm:7.24.7"
  dependencies:
    "@babel/highlight": ^7.24.7
    picocolors: ^1.0.0
  checksum: 9856c845703bbe54bd168c71c4befbc33101c665b3f586b4de32d7b3ec434c986beca80b38322313c46089319a5bffd70d67041df26a5c3e25e14ff690ff5ba3
  languageName: node
  linkType: hard

"@babel/helper-validator-identifier@npm:^7.24.7":
  version: 7.24.7
  resolution: "@babel/helper-validator-identifier@npm:7.24.7"
  checksum: 312adb9ddec68062b455fdacc6804c26cb2095bcd8263067615436b8fe66d472efb14ef64da14f93aecd2bb640e6229c2cd781dcccd5db0920023f441a15c13b
  languageName: node
  linkType: hard

"@babel/highlight@npm:^7.24.7":
  version: 7.24.7
  resolution: "@babel/highlight@npm:7.24.7"
  dependencies:
    "@babel/helper-validator-identifier": ^7.24.7
    chalk: ^2.4.2
    js-tokens: ^4.0.0
    picocolors: ^1.0.0
  checksum: 726098e63ae074a3bf4e65ee9997650155be459e638bab72229cb0d8f54b9c2b7bb8fcecf8f5121802f38c79fe4559dc100074eff0d70801fdc5d3d09f53d7ac
  languageName: node
  linkType: hard

"@jest/expect-utils@npm:^28.1.3":
  version: 28.1.3
  resolution: "@jest/expect-utils@npm:28.1.3"
  dependencies:
    jest-get-type: ^28.0.2
  checksum: 592f5ab572522126744355a4ec3a25495e4fb39bec40932781824e9b76797d40ef59f5bfff99c37049691de1afab38a532164a6ff65846f78af063a43061ff28
  languageName: node
  linkType: hard

"@jest/schemas@npm:^28.1.3":
  version: 28.1.3
  resolution: "@jest/schemas@npm:28.1.3"
  dependencies:
    "@sinclair/typebox": ^0.24.1
  checksum: d1dd2fb85c327e9d3d07820fc91e434d59c8f2e0d01fbce551bddbdb8885163b5fc76083f9d2ed68f02e69714e407783d62f73dc5873c2848e318ec9136acfc6
  languageName: node
  linkType: hard

"@jest/types@npm:^28.1.3":
  version: 28.1.3
  resolution: "@jest/types@npm:28.1.3"
  dependencies:
    "@jest/schemas": ^28.1.3
    "@types/istanbul-lib-coverage": ^2.0.0
    "@types/istanbul-reports": ^3.0.0
    "@types/node": "*"
    "@types/yargs": ^17.0.8
    chalk: ^4.0.0
  checksum: 2a50b60432eeb47950cf012cae1a7389047307b85ab8fa0a2509584307de91c045c5e1bc44658ec140ec2db0d5ceb4269a0c5541cc6e754f7b587e3bb1e74df1
  languageName: node
  linkType: hard

"@sinclair/typebox@npm:^0.24.1":
  version: 0.24.51
  resolution: "@sinclair/typebox@npm:0.24.51"
  checksum: 1a6b5e2f647e90816fe66f125014e6a43f549e4599024bab0ad9776ad0cc044a3989e163f72c4891e279c895b4aba22cc7044318a354b8d4ff416bf690a7c54f
  languageName: node
  linkType: hard

"@sinonjs/commons@npm:^1.7.0":
  version: 1.8.6
  resolution: "@sinonjs/commons@npm:1.8.6"
  dependencies:
    type-detect: 4.0.8
  checksum: 4d2df59018958b5fce13583cf2d018c118b293306c3c48b650302d8f6ec94b7bee0932b25ff74c56992318787f55a1803d2ffa7699d6d006b9511a517ba5ef6a
  languageName: node
  linkType: hard

"@sinonjs/commons@npm:^2.0.0":
  version: 2.0.0
  resolution: "@sinonjs/commons@npm:2.0.0"
  dependencies:
    type-detect: 4.0.8
  checksum: 4cbc33b360df7b89ad78e9122580b1699ce479fb88e5f4fd9785c245e4e6622b8bf1d1ff9af15e28994552458fafe524df7da0705175268c3e42f853024de58a
  languageName: node
  linkType: hard

"@sinonjs/commons@npm:^3.0.0":
  version: 3.0.1
  resolution: "@sinonjs/commons@npm:3.0.1"
  dependencies:
    type-detect: 4.0.8
  checksum: f0bc1b114e0c50f9080cf52fb2eb3638acaac00160d96e757314ea554e8b88f91b92accb36a9fada6ea6d11d6ccda05e0b9279b7faf557a3d04b06a67ff11e28
  languageName: node
  linkType: hard

"@sinonjs/fake-timers@npm:^11.2.2":
  version: 11.2.2
  resolution: "@sinonjs/fake-timers@npm:11.2.2"
  dependencies:
    "@sinonjs/commons": ^3.0.0
  checksum: a6817c023a183c73fefe60e08f57654fd987389d40e84fd16c04224d6f9aa107bbbe4c4ef6e01e4a4ab4162978abcd2fc8c27f3d66f4be3976ac1c1bf0f95b85
  languageName: node
  linkType: hard

"@sinonjs/fake-timers@npm:^9.1.2":
  version: 9.1.2
  resolution: "@sinonjs/fake-timers@npm:9.1.2"
  dependencies:
    "@sinonjs/commons": ^1.7.0
  checksum: 6ee3c2ee500f70db66142b5652b7e7a4f77daad59a07cd079aec2c06c6810b6ae7d9fcc1c42dd684e80b1acff1d3a9a7b03d84093e79b8b984cd0660f4bfee07
  languageName: node
  linkType: hard

"@sinonjs/samsam@npm:^7.0.1":
  version: 7.0.1
  resolution: "@sinonjs/samsam@npm:7.0.1"
  dependencies:
    "@sinonjs/commons": ^2.0.0
    lodash.get: ^4.4.2
    type-detect: ^4.0.8
  checksum: 30a7bb29a81518f0c3b36bd43720ebd98a73c7d67dae151d6e35427074f4f865eda73df5024771605d7088a35b8b9eb613ffc31d75d5644a8488a72bd9dd299b
  languageName: node
  linkType: hard

"@sinonjs/text-encoding@npm:^0.7.2":
  version: 0.7.2
  resolution: "@sinonjs/text-encoding@npm:0.7.2"
  checksum: cc8789ef7fbc99007a6dc70ffb418a7b1b5d6ec92f4a06464bcc19286e724c95c4be5456e4fd634c54fdc8cc31d9440b0477ca2622338cf86f11adb05fbe610b
  languageName: node
  linkType: hard

"@types/istanbul-lib-coverage@npm:*, @types/istanbul-lib-coverage@npm:^2.0.0":
  version: 2.0.6
  resolution: "@types/istanbul-lib-coverage@npm:2.0.6"
  checksum: 44bbc1f54e8b2086f16273e7fac8a85c255ae9bee24abca5e3645bd780f9395a6a14d2490b6e4dcb2f8e675593ca00287131b4684444fd30c7a3af15cf200b44
  languageName: node
  linkType: hard

"@types/istanbul-lib-report@npm:*":
  version: 3.0.3
  resolution: "@types/istanbul-lib-report@npm:3.0.3"
  dependencies:
    "@types/istanbul-lib-coverage": "*"
  checksum: 8bee19cd5d8e03a599fd75cb845a3adebf15c0f4cb6c0d1e3085e4fc8fabde6210a8b5a787041e789a0e7e7a1152e59da87ef1e4f2385f99b4f1b4f1cba3f7cf
  languageName: node
  linkType: hard

"@types/istanbul-reports@npm:^3.0.0":
  version: 3.0.4
  resolution: "@types/istanbul-reports@npm:3.0.4"
  dependencies:
    "@types/istanbul-lib-report": "*"
  checksum: f916b23b0efc4f713f321c3d00cad87f60493ce61c6c59df1f116caa330ae8f5240262782350ec9b2ba44cc44543f7a721da585ee05e48247fa1d23a9ede9b72
  languageName: node
  linkType: hard

"@types/jest@npm:^28.1.3":
  version: 28.1.8
  resolution: "@types/jest@npm:28.1.8"
  dependencies:
    expect: ^28.0.0
    pretty-format: ^28.0.0
  checksum: 6c88cbbc402391cdc9d9a30cf907e850889eb7a0de4c24bca54e18498a86cdd17d5641b83950690d78777fedc5baac2b36641f230d06a08024f774b863ce5679
  languageName: node
  linkType: hard

"@types/node@npm:*":
  version: 20.14.2
  resolution: "@types/node@npm:20.14.2"
  dependencies:
    undici-types: ~5.26.4
  checksum: 6a49981672e3e03f2e0019308aff177f318f17075b1f7596161b72b2a202b14ed3f4c8de615c0c246545125d1d11a405ef7072de737273257438bac390dc96a4
  languageName: node
  linkType: hard

"@types/sinon@npm:^10.0.10":
  version: 10.0.20
  resolution: "@types/sinon@npm:10.0.20"
  dependencies:
    "@types/sinonjs__fake-timers": "*"
  checksum: e6dddeb8cd4c7d26a0a2b160fb55a7b54ed3815096827052421223811e5befea030ca277a4a5101557cb78d216487ade07461f422acd62688d6ff3e99d2e48a6
  languageName: node
  linkType: hard

"@types/sinonjs__fake-timers@npm:*":
  version: 8.1.5
  resolution: "@types/sinonjs__fake-timers@npm:8.1.5"
  checksum: 989978d979ef378f4e59ae18f19e8c2138bf897a99c5d7839724833086058011b81004ad8707f23a4720c0ed0429d8c571e6d47835fd026da67fe40eca1ac3a0
  languageName: node
  linkType: hard

"@types/stack-utils@npm:^2.0.0":
  version: 2.0.3
  resolution: "@types/stack-utils@npm:2.0.3"
  checksum: fb9f344336e7e53f3559591e1a64dd58b8a55214693c995f6cbfea68be024cb8e824c35011a0cf92becf8a1f3af10e7ca9ee36dc8ade3f93eaf9c9fa0eac6d62
  languageName: node
  linkType: hard

"@types/yargs-parser@npm:*":
  version: 21.0.3
  resolution: "@types/yargs-parser@npm:21.0.3"
  checksum: fbe98d8db195d8a35618c57726ef2a29298a6970236e271aec705c575085d043663d10893e9fc4bbaba6367014ba0334204f2840ca9940cd6853aa6314ff6f8d
  languageName: node
  linkType: hard

"@types/yargs@npm:^17.0.8":
  version: 17.0.32
  resolution: "@types/yargs@npm:17.0.32"
  dependencies:
    "@types/yargs-parser": "*"
  checksum: 3b18ef0b97aca704478ec950fcd295d7db95ff7e64888ab462d50759da50586bfabfaa6a96bf626201f450d224eb700951a20bc0b36c67ccbc68bfa63ded1437
  languageName: node
  linkType: hard

"ansi-regex@npm:^5.0.1":
  version: 5.0.1
  resolution: "ansi-regex@npm:5.0.1"
  checksum: c944e1229f022a2071f7477ea425964328c577d2c752083fe564ea0513b6d733c9ec65102f6d4d2b54cba0cb2dc969648b60d567abeff13dc95ecc0b9b97737d
  languageName: node
  linkType: hard

"ansi-styles@npm:^3.2.1":
  version: 3.2.1
  resolution: "ansi-styles@npm:3.2.1"
  dependencies:
    color-convert: ^1.9.0
  checksum: 456e1c23d9277512a47718da75e7fbb0a5ee215ef893c2f76d6b3efe8fceabc861121b80b0362146f5f995d21a1633f05a19bbf6283ae66ac11dc3b9c0bed779
  languageName: node
  linkType: hard

"ansi-styles@npm:^4.1.0":
  version: 4.3.0
  resolution: "ansi-styles@npm:4.3.0"
  dependencies:
    color-convert: ^2.0.1
  checksum: ea02c0179f3dd089a161f5fdd7ccd89dd84f31d82b68869f1134bf5c5b9e1313dadd2ff9edb02b44f46243f285ef5b785f6cb61c84a293694221417c42934407
  languageName: node
  linkType: hard

"ansi-styles@npm:^5.0.0":
  version: 5.2.0
  resolution: "ansi-styles@npm:5.2.0"
  checksum: 10b01465c7a49cbfcc055188e3b79b00db6283319bb53c0d20ca9ad114d1477d6f48c1d01a3ed9678f616566ec33f11116926dfaa162fa7be9ee7d5d2c2ea7e1
  languageName: node
  linkType: hard

"aws-sdk-client-mock-jest@npm:^2.1.1":
  version: 2.2.0
  resolution: "aws-sdk-client-mock-jest@npm:2.2.0"
  dependencies:
    "@types/jest": ^28.1.3
    tslib: ^2.1.0
  peerDependencies:
    aws-sdk-client-mock: 2.2.0
  checksum: 6fdbde322cd4d95fa374822c6f1c31d145cda512601a4840f0b85851d79418407f5b5e3ca58a25dec836d8a6933858a14b22924271db3488c794e88c07a4dbdb
  languageName: node
  linkType: hard

"aws-sdk-client-mock@npm:^2.1.1":
  version: 2.2.0
  resolution: "aws-sdk-client-mock@npm:2.2.0"
  dependencies:
    "@types/sinon": ^10.0.10
    sinon: ^14.0.2
    tslib: ^2.1.0
  checksum: 3ee55f594c440a1192504ce1d9ff8cb2e561635a6b0dcf767763f622c5b7ffe07833ebc1c5d14d1976803606820657363d7a81a5f5f8fd3dd1e614a04c224ef5
  languageName: node
  linkType: hard

"braces@npm:^3.0.3":
  version: 3.0.3
  resolution: "braces@npm:3.0.3"
  dependencies:
    fill-range: ^7.1.1
  checksum: cdd64b716b3545a82d4598d095c9cabca6b1b9154142d2e89b2c3ad79f7a272037c5ef156d0532dee040302e29cc20ec1b2e02cd4a1d1347bb80f98d8ff1318d
  languageName: node
  linkType: hard

"chalk@npm:^2.4.2":
  version: 2.4.2
  resolution: "chalk@npm:2.4.2"
  dependencies:
    ansi-styles: ^3.2.1
    escape-string-regexp: ^1.0.5
    supports-color: ^5.3.0
  checksum: 22c7b7b5bc761c882bb6516454a1a671923f1c53ff972860065aa0b28a195f230163c1d46ee88bcc7a03e5539177d896457d8bc727de7f244c6e87032743038e
  languageName: node
  linkType: hard

"chalk@npm:^4.0.0":
  version: 4.1.2
  resolution: "chalk@npm:4.1.2"
  dependencies:
    ansi-styles: ^4.1.0
    supports-color: ^7.1.0
  checksum: e3901b97d953991712bf0b941d586175be7ca5da56a97d25187e07453c6b26cae0ac8d9c7aa9e87e7c5c986fff870771b3a8e2705b3becda868829e2e12c2a65
  languageName: node
  linkType: hard

"ci-info@npm:^3.2.0":
  version: 3.9.0
  resolution: "ci-info@npm:3.9.0"
  checksum: 446b2a4ea185b78415e9ef34b47d3c3aab820f1dc97f44f7cbe2b6735d9dc1ea95b6eb08bb284e838eb208d2ddea670b6c76fa00986072f29f76d8f5d2bd70b5
  languageName: node
  linkType: hard

"color-convert@npm:^1.9.0":
  version: 1.9.3
  resolution: "color-convert@npm:1.9.3"
  dependencies:
    color-name: 1.1.3
  checksum: 5f244daa3d1fe1f216d48878c550465067d15268688308554e613b7640a068f96588096d51f0b98b68f15d6ff6bb8ad24e172582ac8c0ad43fa4d3da60fd1b79
  languageName: node
  linkType: hard

"color-convert@npm:^2.0.1":
  version: 2.0.1
  resolution: "color-convert@npm:2.0.1"
  dependencies:
    color-name: ~1.1.4
  checksum: 3d5d8a011a43012ca11b6d739049ecf2055d95582fd16ec44bf1e685eb0baa5cc652002be8a1dc92b429c8d87418287d0528266a7595cb1ad8a7f4f1d3049df2
  languageName: node
  linkType: hard

"color-name@npm:1.1.3":
  version: 1.1.3
  resolution: "color-name@npm:1.1.3"
  checksum: d8b91bb90aefc05b6ff568cf8889566dcc6269824df6f3c9b8ca842b18d7f4d089c07dc166808d33f22092d4a79167aa56a96a5ff0d21efab548bf44614db43b
  languageName: node
  linkType: hard

"color-name@npm:~1.1.4":
  version: 1.1.4
  resolution: "color-name@npm:1.1.4"
  checksum: 3e1c9a4dee12eada307436f61614dd11fe300469db2b83f80c8b7a7cd8a1015f0f18dd13403f018927b249003777ff60baba4a03c65f12e6bddc0dfd9642021f
  languageName: node
  linkType: hard

"diff-sequences@npm:^28.1.1":
  version: 28.1.1
  resolution: "diff-sequences@npm:28.1.1"
  checksum: 463247378378b6bf28cac8e0c5193a4dc815dfbf45878676085e533a3083b0a148b304ef04f970ba49bafde9fb3993a48e73fc06819119d678f431e74443778e
  languageName: node
  linkType: hard

"diff@npm:^5.0.0":
  version: 5.2.0
  resolution: "diff@npm:5.2.0"
  checksum: f9ec8d05789c2fbc39aae41f01fc27c3a1ca2c10ec2ab87264462498b2cfdf0e38fd2a16ddb23dde4e59f089be6133d9d709a05a0d625338d6d9a1a4c1042e2d
  languageName: node
  linkType: hard

"escape-string-regexp@npm:^1.0.5":
  version: 1.0.5
  resolution: "escape-string-regexp@npm:1.0.5"
  checksum: f9484b8b4c8827d816e0fd905c25ed4b561376a9c220e1430403ea84619bf680c76a883a48cff8b8e091daf55d6a497e37479f9787b9f15f3c421b6054289744
  languageName: node
  linkType: hard

"escape-string-regexp@npm:^2.0.0":
  version: 2.0.0
  resolution: "escape-string-regexp@npm:2.0.0"
  checksum: f3500f264e864aef0c336a2efb3adb1cee9ba1abbe15d69f0d9dab423607cac91aa009b23011b4e6cfd6d6b79888873e21dad1882047aa2e1555dd307428c51d
  languageName: node
  linkType: hard

"expect@npm:^28.0.0":
  version: 28.1.3
  resolution: "expect@npm:28.1.3"
  dependencies:
    "@jest/expect-utils": ^28.1.3
    jest-get-type: ^28.0.2
    jest-matcher-utils: ^28.1.3
    jest-message-util: ^28.1.3
    jest-util: ^28.1.3
  checksum: 6f9838e3d4e133df5d40b2345b52145dffacc7d03ee2f64ec2145ee760bec852fa939d01b8286591f43680986858cb8f412dfa483c2fa83e59c559d990f0fdac
  languageName: node
  linkType: hard

"fill-range@npm:^7.1.1":
  version: 7.1.1
  resolution: "fill-range@npm:7.1.1"
  dependencies:
    to-regex-range: ^5.0.1
  checksum: 101efdfbbf3112d17683ae4c94119e8cd6e8bdba596b5a61e9c298351f876ede7355e372b50c61d3f89f6211f4018767f30acec4c26672415904aa0cc2f4677f
  languageName: node
  linkType: hard

"graceful-fs@npm:^4.2.9":
  version: 4.2.11
  resolution: "graceful-fs@npm:4.2.11"
  checksum: 99533f7c73bafc139bfc435a628272226cb46dc2b9b3dba7395dcb6c19936db28961ad9fcd648f407c32f91998fb2102a2df4dd13951a9699c5c28e2145713a9
  languageName: node
  linkType: hard

"has-flag@npm:^3.0.0":
  version: 3.0.0
  resolution: "has-flag@npm:3.0.0"
  checksum: 63aade480d27aeedb3b5b63a2e069d47d0006bf182338d662e7941cdc024e68a28418e0efa8dc5df30db9c4ee2407f39e6ea3f16cfbc6b83848b450826a28aa0
  languageName: node
  linkType: hard

"has-flag@npm:^4.0.0":
  version: 4.0.0
  resolution: "has-flag@npm:4.0.0"
  checksum: 2e5391139d3d287231ccb58659702392f6e3abeac3296fb4721afaff46493f3d9b99a9329ae015dfe973aa206ed5c75f43e86aec0267dce79aa5c2b6e811b3ad
  languageName: node
  linkType: hard

"is-number@npm:^7.0.0":
  version: 7.0.0
  resolution: "is-number@npm:7.0.0"
  checksum: eec6e506c6de472af4bdfd0cc477e8aeb76f0a7066c8680fcdfed5324ee31a7d2b59d22313007c58aa80eb937f0c40eefdceedb851997d46b490b49f87160369
  languageName: node
  linkType: hard

"jest-diff@npm:^28.1.3":
  version: 28.1.3
  resolution: "jest-diff@npm:28.1.3"
  dependencies:
    chalk: ^4.0.0
    diff-sequences: ^28.1.1
    jest-get-type: ^28.0.2
    pretty-format: ^28.1.3
  checksum: 0a36b89161ca3022d836d915c6a6bfe548f6e32a8e9e46b3548037fd08f9cbaf6d1d8602916976eff0978a785eacc6fa5204c4f830f6e22ef49e7fd072cbe590
  languageName: node
  linkType: hard

"jest-get-type@npm:^28.0.2":
  version: 28.0.2
  resolution: "jest-get-type@npm:28.0.2"
  checksum: 4e217b58c178645780d43f41bc8c1146360e39bbb5577d35abffb40c0741a31e04cf1e951919626fc267e799903fdab3605a62c6ca1cd8d59d8c4c77d53dc29f
  languageName: node
  linkType: hard

"jest-matcher-utils@npm:^28.1.3":
  version: 28.1.3
  resolution: "jest-matcher-utils@npm:28.1.3"
  dependencies:
    chalk: ^4.0.0
    jest-diff: ^28.1.3
    jest-get-type: ^28.0.2
    pretty-format: ^28.1.3
  checksum: 7170da6260a33d2729d530fc4ba73597fcf4da0df3ecb004232f14687404ae5f61a6b1c20bb84658fbef53b20fe72b8fb81a42b1a6bf29c89dec7e9f3f86c092
  languageName: node
  linkType: hard

"jest-message-util@npm:^28.1.3":
  version: 28.1.3
  resolution: "jest-message-util@npm:28.1.3"
  dependencies:
    "@babel/code-frame": ^7.12.13
    "@jest/types": ^28.1.3
    "@types/stack-utils": ^2.0.0
    chalk: ^4.0.0
    graceful-fs: ^4.2.9
    micromatch: ^4.0.4
    pretty-format: ^28.1.3
    slash: ^3.0.0
    stack-utils: ^2.0.3
  checksum: 5e7eb57da72ff641797f82cee055465cc05ad013846f50a497b64fe8309e349d53859d04d2d0ea03cb8cdc32806dfdfd519ed0c22c942c833597a32667053f6b
  languageName: node
  linkType: hard

"jest-util@npm:^28.1.3":
  version: 28.1.3
  resolution: "jest-util@npm:28.1.3"
  dependencies:
    "@jest/types": ^28.1.3
    "@types/node": "*"
    chalk: ^4.0.0
    ci-info: ^3.2.0
    graceful-fs: ^4.2.9
    picomatch: ^2.2.3
  checksum: 7cf397f77fb0b042b0bb686294cb29d1f9f376b94265b9d32b0f37e070cf087d1a006bef0b7a77345708925eb8ec75d930e24e9db34635a0a30ade7918d2ffc8
  languageName: node
  linkType: hard

"js-tokens@npm:^4.0.0":
  version: 4.0.0
  resolution: "js-tokens@npm:4.0.0"
  checksum: 1fc4e4667ac2d972aba65148b9cbf9c17566b2394d3504238d8492bbd3e68f496c657eab06b26b40b17db5cac0a34d153a12130e2d2d2bb6dc2cdc8a4764eb1b
  languageName: node
  linkType: hard

"just-extend@npm:^6.2.0":
  version: 6.2.0
  resolution: "just-extend@npm:6.2.0"
  checksum: e82422fa485e800f335acaa744c9f79aee7fb6ea9a83f4aa324a12a529f1d69e75081cbbdf24e950c6059ca36c789eeed5606b3cf75cad514ca805aada8f6010
  languageName: node
  linkType: hard

"lodash.get@npm:^4.4.2":
  version: 4.4.2
  resolution: "lodash.get@npm:4.4.2"
  checksum: 447e575e3caa5131ef44e5a0c135b1614f3c937d86b3be0568f9da7b0fd015010af3b6b4e41edf6e2698c9ce2dcc061ca71b31f274f799c991dceb018be16e4f
  languageName: node
  linkType: hard

"micromatch@npm:^4.0.4":
  version: 4.0.7
  resolution: "micromatch@npm:4.0.7"
  dependencies:
    braces: ^3.0.3
    picomatch: ^2.3.1
  checksum: 8d33884450ce405c7fa97e7f06bc4724aeae1d2baa1e8c54ce8e76a7579c65230e9c6a255e2ec8518bf44b083b7f54f4b68f7734429049b139761a3b6854a1b6
  languageName: node
  linkType: hard

"name-conflict@workspace:.":
  version: 0.0.0-use.local
  resolution: "name-conflict@workspace:."
  dependencies:
    aws-sdk-client-mock: ^2.1.1
    aws-sdk-client-mock-jest: ^2.1.1
  languageName: unknown
  linkType: soft

"nise@npm:^5.1.2":
  version: 5.1.9
  resolution: "nise@npm:5.1.9"
  dependencies:
    "@sinonjs/commons": ^3.0.0
    "@sinonjs/fake-timers": ^11.2.2
    "@sinonjs/text-encoding": ^0.7.2
    just-extend: ^6.2.0
    path-to-regexp: ^6.2.1
  checksum: 021373c21356cb6534024227784c8000a8d04e56aca08def3933ea01cac12b1281bd61bd22f8a96989ece051224dfed82826305d76c373a9280d6576a21a853a
  languageName: node
  linkType: hard

"path-to-regexp@npm:^6.2.1":
  version: 6.2.2
  resolution: "path-to-regexp@npm:6.2.2"
  checksum: 8c8ce68895e7d367f305c2c26a39274d3df3a4662cf28ada18862c73408a3ad3891cfb54b1b9bd382779b16f2c94767281fff76860021d1a0c892c76993c467f
  languageName: node
  linkType: hard

"picocolors@npm:^1.0.0":
  version: 1.0.1
  resolution: "picocolors@npm:1.0.1"
  checksum: 09a1496c874f28c24a5b2aa97d76616bc4646c0e14df6d40cf17fb1df494d81896aa92e34adacd5b563566401e83c854567b64055dc058bdbcd166694f378d23
  languageName: node
  linkType: hard

"picomatch@npm:^2.2.3, picomatch@npm:^2.3.1":
  version: 2.3.1
  resolution: "picomatch@npm:2.3.1"
  checksum: 5e3bbbf6a7356e1f029754112803187564a81768718393782d73b8be2c7b2055316ed200e7ca989fae7a794348afbc17da93fa760930bcbfa4ab2c8abb781587
  languageName: node
  linkType: hard

"pretty-format@npm:^28.0.0, pretty-format@npm:^28.1.3":
  version: 28.1.3
  resolution: "pretty-format@npm:28.1.3"
  dependencies:
    "@jest/schemas": ^28.1.3
    ansi-regex: ^5.0.1
    ansi-styles: ^5.0.0
    react-is: ^18.0.0
  checksum: 1938876d4f85e766a9708931a1d2caeb2e14443a56c1a19d66be110b68552127212228670cf88862579397b89b4e7fd1b2b6b11b3bf847e330e08509e7522fe0
  languageName: node
  linkType: hard

"react-is@npm:^18.0.0":
  version: 18.3.1
  resolution: "react-is@npm:18.3.1"
  checksum: b04c47c01c20acd7c7dc87d8bca7ebe05c7cf8c264e8f93464d87b39e73aacd7bf8df8ba21d62e2de2d6233b27e82c5bf4a36c6a1fbaf1e17215573258ac654b
  languageName: node
  linkType: hard

"sinon@npm:^14.0.2":
  version: 14.0.2
  resolution: "sinon@npm:14.0.2"
  dependencies:
    "@sinonjs/commons": ^2.0.0
    "@sinonjs/fake-timers": ^9.1.2
    "@sinonjs/samsam": ^7.0.1
    diff: ^5.0.0
    nise: ^5.1.2
    supports-color: ^7.2.0
  checksum: 5d5e0399476eff3b39d0a287e03f4f10eea4d170c184455dbc51d9765b5527cfd8bdde3e98576c603f5408c855802b5e789ef93dfe5f476863ec9c3be39425ef
  languageName: node
  linkType: hard

"slash@npm:^3.0.0":
  version: 3.0.0
  resolution: "slash@npm:3.0.0"
  checksum: fc3e8597d822ee3ba6cd76e9b001cd5be315f9b81c3a03a29bb611c003d1484e3b29a9e7bc020298fa669b585ff7c9268f44513f60c186216eb6af3111a3e838
  languageName: node
  linkType: hard

"stack-utils@npm:^2.0.3":
  version: 2.0.6
  resolution: "stack-utils@npm:2.0.6"
  dependencies:
    escape-string-regexp: ^2.0.0
  checksum: d1a7769dc4392d6cdb541f54fb98c275245305d13ecaea164b2d10b9fbda0f6f448d98b4a3b58ef27131cd1efd742e79dcd9fb3a9fac8b0d9ac9f20dd561ea57
  languageName: node
  linkType: hard

"supports-color@npm:^5.3.0":
  version: 5.5.0
  resolution: "supports-color@npm:5.5.0"
  dependencies:
    has-flag: ^3.0.0
  checksum: edacee6425498440744c418be94b0660181aad2a1828bcf2be85c42bd385da2fd8b2b358d9b62b0c5b03ff5cd3e992458d7b8f879d9fb42f2201fe05a4848a29
  languageName: node
  linkType: hard

"supports-color@npm:^7.1.0, supports-color@npm:^7.2.0":
  version: 7.2.0
  resolution: "supports-color@npm:7.2.0"
  dependencies:
    has-flag: ^4.0.0
  checksum: 8e57067c39216f3c2ffce7cc14ca934d54746192571203aa9c9922d97d2d55cc1bdaa9e41a11f91e620670b5a74ebdec6b548a885d8cc2dea7cab59e21416029
  languageName: node
  linkType: hard

"to-regex-range@npm:^5.0.1":
  version: 5.0.1
  resolution: "to-regex-range@npm:5.0.1"
  dependencies:
    is-number: ^7.0.0
  checksum: 2b6001e314e4998a07137c197e333fac2f86d46d0593da90b678ae64e2daa07274b508f83cca09e6b3504cdf222497dcb5b7daceb6dc13a9a8872f58a27db907
  languageName: node
  linkType: hard

"tslib@npm:^2.1.0":
  version: 2.6.3
  resolution: "tslib@npm:2.6.3"
  checksum: 1394e0297febb218c216eb98312e619f241f737956184d82959fffd39112bc6d7bf4b7fe610945932f552e39ddc692ff94e50bd490b984a262b9ee2964971862
  languageName: node
  linkType: hard

"type-detect@npm:4.0.8, type-detect@npm:^4.0.8":
  version: 4.0.8
  resolution: "type-detect@npm:4.0.8"
  checksum: e01dc6ac9098192a7859fb86c7b4073709a4e13a5cc02c54d54412378bb099563fda7a7a85640f33e3a7c2e8189182eb1511f263e67f402b2d63fe81afdde785
  languageName: node
  linkType: hard

"undici-types@npm:~5.26.4":
  version: 5.26.5
  resolution: "undici-types@npm:5.26.5"
  checksum: 55e14a010998c7e70681ac5533974dec80d8ae780cfbf7f99489abc28e764b051f94f94bff1ecf20a3df93590569e30e3b9cdafd54cebb78768f6a9a9577e2ee
  languageName: node
  linkType: hard
