{
  "name": "root",
  "version": "1.0.0",
  "lockfileVersion": 3,
  "requires": true,
  "packages": {
    "": {
      "name": "root",
      "version": "1.0.0",
      "peerDependencies": {
        "a": "1.0.0",
        "b": "1.0.0",
        "c": "1.0.0",
        "d": "1.0.0"
      },
      "dependencies": {
        "a": "2.0.0",
        "b": "2.0.0",
        "c": "2.0.0"
      },
      "optionalDependencies": {
        "a": "3.0.0",
        "b": "3.0.0"
      },
      "devDependencies": {
        "a": "4.0.0"
      }
    },
    "node_modules/a": {
      "version": "4.0.0",
      "dev": true
    },
    "node_modules/b": {
      "version": "3.0.0",
      "optional": true
    },
    "node_modules/c": {
      "version": "2.0.0"
    },
    "node_modules/d": {
      "version": "1.0.0",
      "peer": true
    }
  }
}