{
  "R": {
    "Version": "4.3.1",
    "Repositories": [
      {
        "Name": "CRAN",
        "URL": "https://cloud.r-project.org"
      }
    ]
  },
  "Packages": {
    "markdown": {
      "Package": "markdown",
      "Version": "1.0",
      "Source": "Repository",
      "Repository": "CRAN",
      "Hash": "4584a57f565dd7987d59dda3a02cfb41"
    },
    "mime": {
      "Package": "mime",
      "Version": "0.12.1",
      "Source": "GitHub",
      "RemoteType": "github",
      "RemoteHost": "api.github.com",
      "RemoteUsername": "yihui",
      "RemoteRepo": "mime",
      "RemoteRef": "main",
      "RemoteSha": "1763e0dcb72fb58d97bab97bb834fc71f1e012bc",
      "Requirements": [
        "tools"
      ],
      "Hash": "c2772b6269924dad6784aaa1d99dbb86"
    }
  }
}
