# This file is generated by running "yarn install" inside your project.
# Manual changes might be lost - proceed with caution!

__metadata:
  version: 8
  cacheKey: 10c0

"@eslint-community/eslint-utils@npm:^4.2.0":
  version: 4.4.1
  resolution: "@eslint-community/eslint-utils@npm:4.4.1"
  dependencies:
    eslint-visitor-keys: "npm:^3.4.3"
  peerDependencies:
    eslint: ^6.0.0 || ^7.0.0 || >=8.0.0
  checksum: 10c0/2aa0ac2fc50ff3f234408b10900ed4f1a0b19352f21346ad4cc3d83a1271481bdda11097baa45d484dd564c895e0762a27a8240be7a256b3ad47129e96528252
  languageName: node
  linkType: hard

"@eslint-community/regexpp@npm:^4.4.0":
  version: 4.12.1
  resolution: "@eslint-community/regexpp@npm:4.12.1"
  checksum: 10c0/a03d98c246bcb9109aec2c08e4d10c8d010256538dcb3f56610191607214523d4fb1b00aa81df830b6dffb74c5fa0be03642513a289c567949d3e550ca11cdf6
  languageName: node
  linkType: hard

"@nodelib/fs.scandir@npm:2.1.5":
  version: 2.1.5
  resolution: "@nodelib/fs.scandir@npm:2.1.5"
  dependencies:
    "@nodelib/fs.stat": "npm:2.0.5"
    run-parallel: "npm:^1.1.9"
  checksum: 10c0/732c3b6d1b1e967440e65f284bd06e5821fedf10a1bea9ed2bb75956ea1f30e08c44d3def9d6a230666574edbaf136f8cfd319c14fd1f87c66e6a44449afb2eb
  languageName: node
  linkType: hard

"@nodelib/fs.stat@npm:2.0.5, @nodelib/fs.stat@npm:^2.0.2":
  version: 2.0.5
  resolution: "@nodelib/fs.stat@npm:2.0.5"
  checksum: 10c0/88dafe5e3e29a388b07264680dc996c17f4bda48d163a9d4f5c1112979f0ce8ec72aa7116122c350b4e7976bc5566dc3ddb579be1ceaacc727872eb4ed93926d
  languageName: node
  linkType: hard

"@nodelib/fs.walk@npm:^1.2.3":
  version: 1.2.8
  resolution: "@nodelib/fs.walk@npm:1.2.8"
  dependencies:
    "@nodelib/fs.scandir": "npm:2.1.5"
    fastq: "npm:^1.6.0"
  checksum: 10c0/db9de047c3bb9b51f9335a7bb46f4fcfb6829fb628318c12115fbaf7d369bfce71c15b103d1fc3b464812d936220ee9bc1c8f762d032c9f6be9acc99249095b1
  languageName: node
  linkType: hard

"@types/json-schema@npm:^7.0.9":
  version: 7.0.15
  resolution: "@types/json-schema@npm:7.0.15"
  checksum: 10c0/a996a745e6c5d60292f36731dd41341339d4eeed8180bb09226e5c8d23759067692b1d88e5d91d72ee83dfc00d3aca8e7bd43ea120516c17922cbcb7c3e252db
  languageName: node
  linkType: hard

"@types/semver@npm:^7.3.12":
  version: 7.5.8
  resolution: "@types/semver@npm:7.5.8"
  checksum: 10c0/8663ff927234d1c5fcc04b33062cb2b9fcfbe0f5f351ed26c4d1e1581657deebd506b41ff7fdf89e787e3d33ce05854bc01686379b89e9c49b564c4cfa988efa
  languageName: node
  linkType: hard

"@typescript-eslint/eslint-plugin@npm:^5.12.0":
  version: 5.62.0
  resolution: "@typescript-eslint/eslint-plugin@npm:5.62.0"
  dependencies:
    "@eslint-community/regexpp": "npm:^4.4.0"
    "@typescript-eslint/scope-manager": "npm:5.62.0"
    "@typescript-eslint/type-utils": "npm:5.62.0"
    "@typescript-eslint/utils": "npm:5.62.0"
    debug: "npm:^4.3.4"
    graphemer: "npm:^1.4.0"
    ignore: "npm:^5.2.0"
    natural-compare-lite: "npm:^1.4.0"
    semver: "npm:^7.3.7"
    tsutils: "npm:^3.21.0"
  peerDependencies:
    "@typescript-eslint/parser": ^5.0.0
    eslint: ^6.0.0 || ^7.0.0 || ^8.0.0
  peerDependenciesMeta:
    typescript:
      optional: true
  checksum: 10c0/3f40cb6bab5a2833c3544e4621b9fdacd8ea53420cadc1c63fac3b89cdf5c62be1e6b7bcf56976dede5db4c43830de298ced3db60b5494a3b961ca1b4bff9f2a
  languageName: node
  linkType: hard

"@typescript-eslint/scope-manager@npm:5.62.0":
  version: 5.62.0
  resolution: "@typescript-eslint/scope-manager@npm:5.62.0"
  dependencies:
    "@typescript-eslint/types": "npm:5.62.0"
    "@typescript-eslint/visitor-keys": "npm:5.62.0"
  checksum: 10c0/861253235576c1c5c1772d23cdce1418c2da2618a479a7de4f6114a12a7ca853011a1e530525d0931c355a8fd237b9cd828fac560f85f9623e24054fd024726f
  languageName: node
  linkType: hard

"@typescript-eslint/type-utils@npm:5.62.0":
  version: 5.62.0
  resolution: "@typescript-eslint/type-utils@npm:5.62.0"
  dependencies:
    "@typescript-eslint/typescript-estree": "npm:5.62.0"
    "@typescript-eslint/utils": "npm:5.62.0"
    debug: "npm:^4.3.4"
    tsutils: "npm:^3.21.0"
  peerDependencies:
    eslint: "*"
  peerDependenciesMeta:
    typescript:
      optional: true
  checksum: 10c0/93112e34026069a48f0484b98caca1c89d9707842afe14e08e7390af51cdde87378df29d213d3bbd10a7cfe6f91b228031b56218515ce077bdb62ddea9d9f474
  languageName: node
  linkType: hard

"@typescript-eslint/types@npm:5.62.0":
  version: 5.62.0
  resolution: "@typescript-eslint/types@npm:5.62.0"
  checksum: 10c0/7febd3a7f0701c0b927e094f02e82d8ee2cada2b186fcb938bc2b94ff6fbad88237afc304cbaf33e82797078bbbb1baf91475f6400912f8b64c89be79bfa4ddf
  languageName: node
  linkType: hard

"@typescript-eslint/typescript-estree@npm:5.62.0":
  version: 5.62.0
  resolution: "@typescript-eslint/typescript-estree@npm:5.62.0"
  dependencies:
    "@typescript-eslint/types": "npm:5.62.0"
    "@typescript-eslint/visitor-keys": "npm:5.62.0"
    debug: "npm:^4.3.4"
    globby: "npm:^11.1.0"
    is-glob: "npm:^4.0.3"
    semver: "npm:^7.3.7"
    tsutils: "npm:^3.21.0"
  peerDependenciesMeta:
    typescript:
      optional: true
  checksum: 10c0/d7984a3e9d56897b2481940ec803cb8e7ead03df8d9cfd9797350be82ff765dfcf3cfec04e7355e1779e948da8f02bc5e11719d07a596eb1cb995c48a95e38cf
  languageName: node
  linkType: hard

"@typescript-eslint/utils@npm:5.62.0":
  version: 5.62.0
  resolution: "@typescript-eslint/utils@npm:5.62.0"
  dependencies:
    "@eslint-community/eslint-utils": "npm:^4.2.0"
    "@types/json-schema": "npm:^7.0.9"
    "@types/semver": "npm:^7.3.12"
    "@typescript-eslint/scope-manager": "npm:5.62.0"
    "@typescript-eslint/types": "npm:5.62.0"
    "@typescript-eslint/typescript-estree": "npm:5.62.0"
    eslint-scope: "npm:^5.1.1"
    semver: "npm:^7.3.7"
  peerDependencies:
    eslint: ^6.0.0 || ^7.0.0 || ^8.0.0
  checksum: 10c0/f09b7d9952e4a205eb1ced31d7684dd55cee40bf8c2d78e923aa8a255318d97279825733902742c09d8690f37a50243f4c4d383ab16bd7aefaf9c4b438f785e1
  languageName: node
  linkType: hard

"@typescript-eslint/visitor-keys@npm:5.62.0":
  version: 5.62.0
  resolution: "@typescript-eslint/visitor-keys@npm:5.62.0"
  dependencies:
    "@typescript-eslint/types": "npm:5.62.0"
    eslint-visitor-keys: "npm:^3.3.0"
  checksum: 10c0/7c3b8e4148e9b94d9b7162a596a1260d7a3efc4e65199693b8025c71c4652b8042501c0bc9f57654c1e2943c26da98c0f77884a746c6ae81389fcb0b513d995d
  languageName: node
  linkType: hard

"array-union@npm:^2.1.0":
  version: 2.1.0
  resolution: "array-union@npm:2.1.0"
  checksum: 10c0/429897e68110374f39b771ec47a7161fc6a8fc33e196857c0a396dc75df0b5f65e4d046674db764330b6bb66b39ef48dd7c53b6a2ee75cfb0681e0c1a7033962
  languageName: node
  linkType: hard

"braces@npm:^3.0.3":
  version: 3.0.3
  resolution: "braces@npm:3.0.3"
  dependencies:
    fill-range: "npm:^7.1.1"
  checksum: 10c0/7c6dfd30c338d2997ba77500539227b9d1f85e388a5f43220865201e407e076783d0881f2d297b9f80951b4c957fcf0b51c1d2d24227631643c3f7c284b0aa04
  languageName: node
  linkType: hard

"debug@npm:4.4.0, debug@npm:^4.3.4":
  version: 4.4.0
  resolution: "debug@npm:4.4.0"
  dependencies:
    ms: "npm:^2.1.3"
  peerDependenciesMeta:
    supports-color:
      optional: true
  checksum: 10c0/db94f1a182bf886f57b4755f85b3a74c39b5114b9377b7ab375dc2cfa3454f09490cc6c30f829df3fc8042bc8b8995f6567ce5cd96f3bc3688bd24027197d9de
  languageName: node
  linkType: hard

"dir-glob@npm:^3.0.1":
  version: 3.0.1
  resolution: "dir-glob@npm:3.0.1"
  dependencies:
    path-type: "npm:^4.0.0"
  checksum: 10c0/dcac00920a4d503e38bb64001acb19df4efc14536ada475725e12f52c16777afdee4db827f55f13a908ee7efc0cb282e2e3dbaeeb98c0993dd93d1802d3bf00c
  languageName: node
  linkType: hard

"eslint-scope@npm:^5.1.1":
  version: 5.1.1
  resolution: "eslint-scope@npm:5.1.1"
  dependencies:
    esrecurse: "npm:^4.3.0"
    estraverse: "npm:^4.1.1"
  checksum: 10c0/d30ef9dc1c1cbdece34db1539a4933fe3f9b14e1ffb27ecc85987902ee663ad7c9473bbd49a9a03195a373741e62e2f807c4938992e019b511993d163450e70a
  languageName: node
  linkType: hard

"eslint-visitor-keys@npm:^3.3.0, eslint-visitor-keys@npm:^3.4.3":
  version: 3.4.3
  resolution: "eslint-visitor-keys@npm:3.4.3"
  checksum: 10c0/92708e882c0a5ffd88c23c0b404ac1628cf20104a108c745f240a13c332a11aac54f49a22d5762efbffc18ecbc9a580d1b7ad034bf5f3cc3307e5cbff2ec9820
  languageName: node
  linkType: hard

"esrecurse@npm:^4.3.0":
  version: 4.3.0
  resolution: "esrecurse@npm:4.3.0"
  dependencies:
    estraverse: "npm:^5.2.0"
  checksum: 10c0/81a37116d1408ded88ada45b9fb16dbd26fba3aadc369ce50fcaf82a0bac12772ebd7b24cd7b91fc66786bf2c1ac7b5f196bc990a473efff972f5cb338877cf5
  languageName: node
  linkType: hard

"estraverse@npm:^4.1.1":
  version: 4.3.0
  resolution: "estraverse@npm:4.3.0"
  checksum: 10c0/9cb46463ef8a8a4905d3708a652d60122a0c20bb58dec7e0e12ab0e7235123d74214fc0141d743c381813e1b992767e2708194f6f6e0f9fd00c1b4e0887b8b6d
  languageName: node
  linkType: hard

"estraverse@npm:^5.2.0":
  version: 5.3.0
  resolution: "estraverse@npm:5.3.0"
  checksum: 10c0/1ff9447b96263dec95d6d67431c5e0771eb9776427421260a3e2f0fdd5d6bd4f8e37a7338f5ad2880c9f143450c9b1e4fc2069060724570a49cf9cf0312bd107
  languageName: node
  linkType: hard

"fast-glob@npm:^3.2.9":
  version: 3.3.2
  resolution: "fast-glob@npm:3.3.2"
  dependencies:
    "@nodelib/fs.stat": "npm:^2.0.2"
    "@nodelib/fs.walk": "npm:^1.2.3"
    glob-parent: "npm:^5.1.2"
    merge2: "npm:^1.3.0"
    micromatch: "npm:^4.0.4"
  checksum: 10c0/42baad7b9cd40b63e42039132bde27ca2cb3a4950d0a0f9abe4639ea1aa9d3e3b40f98b1fe31cbc0cc17b664c9ea7447d911a152fa34ec5b72977b125a6fc845
  languageName: node
  linkType: hard

"fastq@npm:^1.6.0":
  version: 1.18.0
  resolution: "fastq@npm:1.18.0"
  dependencies:
    reusify: "npm:^1.0.4"
  checksum: 10c0/7be87ecc41762adbddf558d24182f50a4b1a3ef3ee807d33b7623da7aee5faecdcc94fce5aa13fe91df93e269f383232bbcdb2dc5338cd1826503d6063221f36
  languageName: node
  linkType: hard

"fill-range@npm:^7.1.1":
  version: 7.1.1
  resolution: "fill-range@npm:7.1.1"
  dependencies:
    to-regex-range: "npm:^5.0.1"
  checksum: 10c0/b75b691bbe065472f38824f694c2f7449d7f5004aa950426a2c28f0306c60db9b880c0b0e4ed819997ffb882d1da02cfcfc819bddc94d71627f5269682edf018
  languageName: node
  linkType: hard

"glob-parent@npm:^5.1.2":
  version: 5.1.2
  resolution: "glob-parent@npm:5.1.2"
  dependencies:
    is-glob: "npm:^4.0.1"
  checksum: 10c0/cab87638e2112bee3f839ef5f6e0765057163d39c66be8ec1602f3823da4692297ad4e972de876ea17c44d652978638d2fd583c6713d0eb6591706825020c9ee
  languageName: node
  linkType: hard

"globby@npm:^11.1.0":
  version: 11.1.0
  resolution: "globby@npm:11.1.0"
  dependencies:
    array-union: "npm:^2.1.0"
    dir-glob: "npm:^3.0.1"
    fast-glob: "npm:^3.2.9"
    ignore: "npm:^5.2.0"
    merge2: "npm:^1.4.1"
    slash: "npm:^3.0.0"
  checksum: 10c0/b39511b4afe4bd8a7aead3a27c4ade2b9968649abab0a6c28b1a90141b96ca68ca5db1302f7c7bd29eab66bf51e13916b8e0a3d0ac08f75e1e84a39b35691189
  languageName: node
  linkType: hard

"graphemer@npm:^1.4.0":
  version: 1.4.0
  resolution: "graphemer@npm:1.4.0"
  checksum: 10c0/e951259d8cd2e0d196c72ec711add7115d42eb9a8146c8eeda5b8d3ac91e5dd816b9cd68920726d9fd4490368e7ed86e9c423f40db87e2d8dfafa00fa17c3a31
  languageName: node
  linkType: hard

"ignore@npm:^5.2.0":
  version: 5.3.2
  resolution: "ignore@npm:5.3.2"
  checksum: 10c0/f9f652c957983634ded1e7f02da3b559a0d4cc210fca3792cb67f1b153623c9c42efdc1c4121af171e295444459fc4a9201101fb041b1104a3c000bccb188337
  languageName: node
  linkType: hard

"is-extglob@npm:^2.1.1":
  version: 2.1.1
  resolution: "is-extglob@npm:2.1.1"
  checksum: 10c0/5487da35691fbc339700bbb2730430b07777a3c21b9ebaecb3072512dfd7b4ba78ac2381a87e8d78d20ea08affb3f1971b4af629173a6bf435ff8a4c47747912
  languageName: node
  linkType: hard

"is-glob@npm:^4.0.1, is-glob@npm:^4.0.3":
  version: 4.0.3
  resolution: "is-glob@npm:4.0.3"
  dependencies:
    is-extglob: "npm:^2.1.1"
  checksum: 10c0/17fb4014e22be3bbecea9b2e3a76e9e34ff645466be702f1693e8f1ee1adac84710d0be0bd9f967d6354036fd51ab7c2741d954d6e91dae6bb69714de92c197a
  languageName: node
  linkType: hard

"is-number@npm:^7.0.0":
  version: 7.0.0
  resolution: "is-number@npm:7.0.0"
  checksum: 10c0/b4686d0d3053146095ccd45346461bc8e53b80aeb7671cc52a4de02dbbf7dc0d1d2a986e2fe4ae206984b4d34ef37e8b795ebc4f4295c978373e6575e295d811
  languageName: node
  linkType: hard

"merge2@npm:^1.3.0, merge2@npm:^1.4.1":
  version: 1.4.1
  resolution: "merge2@npm:1.4.1"
  checksum: 10c0/254a8a4605b58f450308fc474c82ac9a094848081bf4c06778200207820e5193726dc563a0d2c16468810516a5c97d9d3ea0ca6585d23c58ccfff2403e8dbbeb
  languageName: node
  linkType: hard

"micromatch@npm:^4.0.4":
  version: 4.0.8
  resolution: "micromatch@npm:4.0.8"
  dependencies:
    braces: "npm:^3.0.3"
    picomatch: "npm:^2.3.1"
  checksum: 10c0/166fa6eb926b9553f32ef81f5f531d27b4ce7da60e5baf8c021d043b27a388fb95e46a8038d5045877881e673f8134122b59624d5cecbd16eb50a42e7a6b5ca8
  languageName: node
  linkType: hard

"ms@npm:^2.1.3":
  version: 2.1.3
  resolution: "ms@npm:2.1.3"
  checksum: 10c0/d924b57e7312b3b63ad21fc5b3dc0af5e78d61a1fc7cfb5457edaf26326bf62be5307cc87ffb6862ef1c2b33b0233cdb5d4f01c4c958cc0d660948b65a287a48
  languageName: node
  linkType: hard

"natural-compare-lite@npm:^1.4.0":
  version: 1.4.0
  resolution: "natural-compare-lite@npm:1.4.0"
  checksum: 10c0/f6cef26f5044515754802c0fc475d81426f3b90fe88c20fabe08771ce1f736ce46e0397c10acb569a4dd0acb84c7f1ee70676122f95d5bfdd747af3a6c6bbaa8
  languageName: node
  linkType: hard

"path-type@npm:^4.0.0":
  version: 4.0.0
  resolution: "path-type@npm:4.0.0"
  checksum: 10c0/666f6973f332f27581371efaf303fd6c272cc43c2057b37aa99e3643158c7e4b2626549555d88626e99ea9e046f82f32e41bbde5f1508547e9a11b149b52387c
  languageName: node
  linkType: hard

"picomatch@npm:^2.3.1":
  version: 2.3.1
  resolution: "picomatch@npm:2.3.1"
  checksum: 10c0/26c02b8d06f03206fc2ab8d16f19960f2ff9e81a658f831ecb656d8f17d9edc799e8364b1f4a7873e89d9702dff96204be0fa26fe4181f6843f040f819dac4be
  languageName: node
  linkType: hard

"queue-microtask@npm:^1.2.2":
  version: 1.2.3
  resolution: "queue-microtask@npm:1.2.3"
  checksum: 10c0/900a93d3cdae3acd7d16f642c29a642aea32c2026446151f0778c62ac089d4b8e6c986811076e1ae180a694cedf077d453a11b58ff0a865629a4f82ab558e102
  languageName: node
  linkType: hard

"reusify@npm:^1.0.4":
  version: 1.0.4
  resolution: "reusify@npm:1.0.4"
  checksum: 10c0/c19ef26e4e188f408922c46f7ff480d38e8dfc55d448310dfb518736b23ed2c4f547fb64a6ed5bdba92cd7e7ddc889d36ff78f794816d5e71498d645ef476107
  languageName: node
  linkType: hard

"run-parallel@npm:^1.1.9":
  version: 1.2.0
  resolution: "run-parallel@npm:1.2.0"
  dependencies:
    queue-microtask: "npm:^1.2.2"
  checksum: 10c0/200b5ab25b5b8b7113f9901bfe3afc347e19bb7475b267d55ad0eb86a62a46d77510cb0f232507c9e5d497ebda569a08a9867d0d14f57a82ad5564d991588b39
  languageName: node
  linkType: hard

"semver@npm:^7.3.7":
  version: 7.6.3
  resolution: "semver@npm:7.6.3"
  bin:
    semver: bin/semver.js
  checksum: 10c0/88f33e148b210c153873cb08cfe1e281d518aaa9a666d4d148add6560db5cd3c582f3a08ccb91f38d5f379ead256da9931234ed122057f40bb5766e65e58adaf
  languageName: node
  linkType: hard

"slash@npm:^3.0.0":
  version: 3.0.0
  resolution: "slash@npm:3.0.0"
  checksum: 10c0/e18488c6a42bdfd4ac5be85b2ced3ccd0224773baae6ad42cfbb9ec74fc07f9fa8396bd35ee638084ead7a2a0818eb5e7151111544d4731ce843019dab4be47b
  languageName: node
  linkType: hard

"suiftly.io@workspace:.":
  version: 0.0.0-use.local
  resolution: "suiftly.io@workspace:."
  dependencies:
    "@typescript-eslint/eslint-plugin": "npm:^5.12.0"
    debug: "npm:4.4.0"
  languageName: unknown
  linkType: soft

"to-regex-range@npm:^5.0.1":
  version: 5.0.1
  resolution: "to-regex-range@npm:5.0.1"
  dependencies:
    is-number: "npm:^7.0.0"
  checksum: 10c0/487988b0a19c654ff3e1961b87f471702e708fa8a8dd02a298ef16da7206692e8552a0250e8b3e8759270f62e9d8314616f6da274734d3b558b1fc7b7724e892
  languageName: node
  linkType: hard

"tslib@npm:^1.8.1":
  version: 1.14.1
  resolution: "tslib@npm:1.14.1"
  checksum: 10c0/69ae09c49eea644bc5ebe1bca4fa4cc2c82b7b3e02f43b84bd891504edf66dbc6b2ec0eef31a957042de2269139e4acff911e6d186a258fb14069cd7f6febce2
  languageName: node
  linkType: hard

"tsutils@npm:^3.21.0":
  version: 3.21.0
  resolution: "tsutils@npm:3.21.0"
  dependencies:
    tslib: "npm:^1.8.1"
  peerDependencies:
    typescript: ">=2.8.0 || >= 3.2.0-dev || >= 3.3.0-dev || >= 3.4.0-dev || >= 3.5.0-dev || >= 3.6.0-dev || >= 3.6.0-beta || >= 3.7.0-dev || >= 3.7.0-beta"
  checksum: 10c0/02f19e458ec78ead8fffbf711f834ad8ecd2cc6ade4ec0320790713dccc0a412b99e7fd907c4cda2a1dc602c75db6f12e0108e87a5afad4b2f9e90a24cabd5a2
  languageName: node
  linkType: hard
