{
  "name": "root",
  "version": "1.0.0",
  "lockfileVersion": 3,
  "requires": true,
  "packages": {
    "": {
      "name": "root",
      "version": "1.0.0"
    },
    "node_modules/foo/node_modules/bar": {
      "version": "1.0.0",
      "resolved": "https://registry.npmjs.org/bar/-/bar-1.0.0.tgz",
      "link": true
    }
  }
}
