# This file is generated by running "yarn install" inside your project.
# Manual changes might be lost - proceed with caution!

__metadata:
  version: 6
  cacheKey: 8

"@eslint-community/eslint-utils@npm:^4.2.0":
  version: 4.4.1
  resolution: "@eslint-community/eslint-utils@npm:4.4.1"
  dependencies:
    eslint-visitor-keys: ^3.4.3
  peerDependencies:
    eslint: ^6.0.0 || ^7.0.0 || >=8.0.0
  checksum: a7ffc838eb6a9ef594cda348458ccf38f34439ac77dc090fa1c120024bcd4eb911dfd74d5ef44d42063e7949fa7c5123ce714a015c4abb917d4124be1bd32bfe
  languageName: node
  linkType: hard

"@eslint-community/regexpp@npm:^4.4.0":
  version: 4.12.1
  resolution: "@eslint-community/regexpp@npm:4.12.1"
  checksum: 0d628680e204bc316d545b4993d3658427ca404ae646ce541fcc65306b8c712c340e5e573e30fb9f85f4855c0c5f6dca9868931f2fcced06417fbe1a0c6cd2d6
  languageName: node
  linkType: hard

"@nodelib/fs.scandir@npm:2.1.5":
  version: 2.1.5
  resolution: "@nodelib/fs.scandir@npm:2.1.5"
  dependencies:
    "@nodelib/fs.stat": 2.0.5
    run-parallel: ^1.1.9
  checksum: a970d595bd23c66c880e0ef1817791432dbb7acbb8d44b7e7d0e7a22f4521260d4a83f7f9fd61d44fda4610105577f8f58a60718105fb38352baed612fd79e59
  languageName: node
  linkType: hard

"@nodelib/fs.stat@npm:2.0.5, @nodelib/fs.stat@npm:^2.0.2":
  version: 2.0.5
  resolution: "@nodelib/fs.stat@npm:2.0.5"
  checksum: 012480b5ca9d97bff9261571dbbec7bbc6033f69cc92908bc1ecfad0792361a5a1994bc48674b9ef76419d056a03efadfce5a6cf6dbc0a36559571a7a483f6f0
  languageName: node
  linkType: hard

"@nodelib/fs.walk@npm:^1.2.3":
  version: 1.2.8
  resolution: "@nodelib/fs.walk@npm:1.2.8"
  dependencies:
    "@nodelib/fs.scandir": 2.1.5
    fastq: ^1.6.0
  checksum: 190c643f156d8f8f277bf2a6078af1ffde1fd43f498f187c2db24d35b4b4b5785c02c7dc52e356497b9a1b65b13edc996de08de0b961c32844364da02986dc53
  languageName: node
  linkType: hard

"@types/json-schema@npm:^7.0.9":
  version: 7.0.15
  resolution: "@types/json-schema@npm:7.0.15"
  checksum: 97ed0cb44d4070aecea772b7b2e2ed971e10c81ec87dd4ecc160322ffa55ff330dace1793489540e3e318d90942064bb697cc0f8989391797792d919737b3b98
  languageName: node
  linkType: hard

"@types/semver@npm:^7.3.12":
  version: 7.5.8
  resolution: "@types/semver@npm:7.5.8"
  checksum: ea6f5276f5b84c55921785a3a27a3cd37afee0111dfe2bcb3e03c31819c197c782598f17f0b150a69d453c9584cd14c4c4d7b9a55d2c5e6cacd4d66fdb3b3663
  languageName: node
  linkType: hard

"@typescript-eslint/eslint-plugin@npm:^5.12.0":
  version: 5.62.0
  resolution: "@typescript-eslint/eslint-plugin@npm:5.62.0"
  dependencies:
    "@eslint-community/regexpp": ^4.4.0
    "@typescript-eslint/scope-manager": 5.62.0
    "@typescript-eslint/type-utils": 5.62.0
    "@typescript-eslint/utils": 5.62.0
    debug: ^4.3.4
    graphemer: ^1.4.0
    ignore: ^5.2.0
    natural-compare-lite: ^1.4.0
    semver: ^7.3.7
    tsutils: ^3.21.0
  peerDependencies:
    "@typescript-eslint/parser": ^5.0.0
    eslint: ^6.0.0 || ^7.0.0 || ^8.0.0
  peerDependenciesMeta:
    typescript:
      optional: true
  checksum: fc104b389c768f9fa7d45a48c86d5c1ad522c1d0512943e782a56b1e3096b2cbcc1eea3fcc590647bf0658eef61aac35120a9c6daf979bf629ad2956deb516a1
  languageName: node
  linkType: hard

"@typescript-eslint/scope-manager@npm:5.62.0":
  version: 5.62.0
  resolution: "@typescript-eslint/scope-manager@npm:5.62.0"
  dependencies:
    "@typescript-eslint/types": 5.62.0
    "@typescript-eslint/visitor-keys": 5.62.0
  checksum: 6062d6b797fe1ce4d275bb0d17204c827494af59b5eaf09d8a78cdd39dadddb31074dded4297aaf5d0f839016d601032857698b0e4516c86a41207de606e9573
  languageName: node
  linkType: hard

"@typescript-eslint/type-utils@npm:5.62.0":
  version: 5.62.0
  resolution: "@typescript-eslint/type-utils@npm:5.62.0"
  dependencies:
    "@typescript-eslint/typescript-estree": 5.62.0
    "@typescript-eslint/utils": 5.62.0
    debug: ^4.3.4
    tsutils: ^3.21.0
  peerDependencies:
    eslint: "*"
  peerDependenciesMeta:
    typescript:
      optional: true
  checksum: fc41eece5f315dfda14320be0da78d3a971d650ea41300be7196934b9715f3fe1120a80207551eb71d39568275dbbcf359bde540d1ca1439d8be15e9885d2739
  languageName: node
  linkType: hard

"@typescript-eslint/types@npm:5.62.0":
  version: 5.62.0
  resolution: "@typescript-eslint/types@npm:5.62.0"
  checksum: 48c87117383d1864766486f24de34086155532b070f6264e09d0e6139449270f8a9559cfef3c56d16e3bcfb52d83d42105d61b36743626399c7c2b5e0ac3b670
  languageName: node
  linkType: hard

"@typescript-eslint/typescript-estree@npm:5.62.0":
  version: 5.62.0
  resolution: "@typescript-eslint/typescript-estree@npm:5.62.0"
  dependencies:
    "@typescript-eslint/types": 5.62.0
    "@typescript-eslint/visitor-keys": 5.62.0
    debug: ^4.3.4
    globby: ^11.1.0
    is-glob: ^4.0.3
    semver: ^7.3.7
    tsutils: ^3.21.0
  peerDependenciesMeta:
    typescript:
      optional: true
  checksum: 3624520abb5807ed8f57b1197e61c7b1ed770c56dfcaca66372d584ff50175225798bccb701f7ef129d62c5989070e1ee3a0aa2d84e56d9524dcf011a2bb1a52
  languageName: node
  linkType: hard

"@typescript-eslint/utils@npm:5.62.0":
  version: 5.62.0
  resolution: "@typescript-eslint/utils@npm:5.62.0"
  dependencies:
    "@eslint-community/eslint-utils": ^4.2.0
    "@types/json-schema": ^7.0.9
    "@types/semver": ^7.3.12
    "@typescript-eslint/scope-manager": 5.62.0
    "@typescript-eslint/types": 5.62.0
    "@typescript-eslint/typescript-estree": 5.62.0
    eslint-scope: ^5.1.1
    semver: ^7.3.7
  peerDependencies:
    eslint: ^6.0.0 || ^7.0.0 || ^8.0.0
  checksum: ee9398c8c5db6d1da09463ca7bf36ed134361e20131ea354b2da16a5fdb6df9ba70c62a388d19f6eebb421af1786dbbd79ba95ddd6ab287324fc171c3e28d931
  languageName: node
  linkType: hard

"@typescript-eslint/visitor-keys@npm:5.62.0":
  version: 5.62.0
  resolution: "@typescript-eslint/visitor-keys@npm:5.62.0"
  dependencies:
    "@typescript-eslint/types": 5.62.0
    eslint-visitor-keys: ^3.3.0
  checksum: 976b05d103fe8335bef5c93ad3f76d781e3ce50329c0243ee0f00c0fcfb186c81df50e64bfdd34970148113f8ade90887f53e3c4938183afba830b4ba8e30a35
  languageName: node
  linkType: hard

"array-union@npm:^2.1.0":
  version: 2.1.0
  resolution: "array-union@npm:2.1.0"
  checksum: 5bee12395cba82da674931df6d0fea23c4aa4660cb3b338ced9f828782a65caa232573e6bf3968f23e0c5eb301764a382cef2f128b170a9dc59de0e36c39f98d
  languageName: node
  linkType: hard

"braces@npm:^3.0.3":
  version: 3.0.3
  resolution: "braces@npm:3.0.3"
  dependencies:
    fill-range: ^7.1.1
  checksum: b95aa0b3bd909f6cd1720ffcf031aeaf46154dd88b4da01f9a1d3f7ea866a79eba76a6d01cbc3c422b2ee5cdc39a4f02491058d5df0d7bf6e6a162a832df1f69
  languageName: node
  linkType: hard

"debug@npm:4.4.0, debug@npm:^4.3.4":
  version: 4.4.0
  resolution: "debug@npm:4.4.0"
  dependencies:
    ms: ^2.1.3
  peerDependenciesMeta:
    supports-color:
      optional: true
  checksum: fb42df878dd0e22816fc56e1fdca9da73caa85212fbe40c868b1295a6878f9101ae684f4eeef516c13acfc700f5ea07f1136954f43d4cd2d477a811144136479
  languageName: node
  linkType: hard

"dir-glob@npm:^3.0.1":
  version: 3.0.1
  resolution: "dir-glob@npm:3.0.1"
  dependencies:
    path-type: ^4.0.0
  checksum: fa05e18324510d7283f55862f3161c6759a3f2f8dbce491a2fc14c8324c498286c54282c1f0e933cb930da8419b30679389499b919122952a4f8592362ef4615
  languageName: node
  linkType: hard

"eslint-scope@npm:^5.1.1":
  version: 5.1.1
  resolution: "eslint-scope@npm:5.1.1"
  dependencies:
    esrecurse: ^4.3.0
    estraverse: ^4.1.1
  checksum: 47e4b6a3f0cc29c7feedee6c67b225a2da7e155802c6ea13bbef4ac6b9e10c66cd2dcb987867ef176292bf4e64eccc680a49e35e9e9c669f4a02bac17e86abdb
  languageName: node
  linkType: hard

"eslint-visitor-keys@npm:^3.3.0, eslint-visitor-keys@npm:^3.4.3":
  version: 3.4.3
  resolution: "eslint-visitor-keys@npm:3.4.3"
  checksum: 36e9ef87fca698b6fd7ca5ca35d7b2b6eeaaf106572e2f7fd31c12d3bfdaccdb587bba6d3621067e5aece31c8c3a348b93922ab8f7b2cbc6aaab5e1d89040c60
  languageName: node
  linkType: hard

"esrecurse@npm:^4.3.0":
  version: 4.3.0
  resolution: "esrecurse@npm:4.3.0"
  dependencies:
    estraverse: ^5.2.0
  checksum: ebc17b1a33c51cef46fdc28b958994b1dc43cd2e86237515cbc3b4e5d2be6a811b2315d0a1a4d9d340b6d2308b15322f5c8291059521cc5f4802f65e7ec32837
  languageName: node
  linkType: hard

"estraverse@npm:^4.1.1":
  version: 4.3.0
  resolution: "estraverse@npm:4.3.0"
  checksum: a6299491f9940bb246124a8d44b7b7a413a8336f5436f9837aaa9330209bd9ee8af7e91a654a3545aee9c54b3308e78ee360cef1d777d37cfef77d2fa33b5827
  languageName: node
  linkType: hard

"estraverse@npm:^5.2.0":
  version: 5.3.0
  resolution: "estraverse@npm:5.3.0"
  checksum: 072780882dc8416ad144f8fe199628d2b3e7bbc9989d9ed43795d2c90309a2047e6bc5979d7e2322a341163d22cfad9e21f4110597fe487519697389497e4e2b
  languageName: node
  linkType: hard

"fast-glob@npm:^3.2.9":
  version: 3.3.2
  resolution: "fast-glob@npm:3.3.2"
  dependencies:
    "@nodelib/fs.stat": ^2.0.2
    "@nodelib/fs.walk": ^1.2.3
    glob-parent: ^5.1.2
    merge2: ^1.3.0
    micromatch: ^4.0.4
  checksum: 900e4979f4dbc3313840078419245621259f349950411ca2fa445a2f9a1a6d98c3b5e7e0660c5ccd563aa61abe133a21765c6c0dec8e57da1ba71d8000b05ec1
  languageName: node
  linkType: hard

"fastq@npm:^1.6.0":
  version: 1.18.0
  resolution: "fastq@npm:1.18.0"
  dependencies:
    reusify: ^1.0.4
  checksum: fb8d94318c2e5545a1913c1647b35e8b7825caaba888a98ef9887085e57f5a82104aefbb05f26c81d4e220f02b2ea6f2c999132186d8c77e6c681d91870191ba
  languageName: node
  linkType: hard

"fill-range@npm:^7.1.1":
  version: 7.1.1
  resolution: "fill-range@npm:7.1.1"
  dependencies:
    to-regex-range: ^5.0.1
  checksum: b4abfbca3839a3d55e4ae5ec62e131e2e356bf4859ce8480c64c4876100f4df292a63e5bb1618e1d7460282ca2b305653064f01654474aa35c68000980f17798
  languageName: node
  linkType: hard

"glob-parent@npm:^5.1.2":
  version: 5.1.2
  resolution: "glob-parent@npm:5.1.2"
  dependencies:
    is-glob: ^4.0.1
  checksum: f4f2bfe2425296e8a47e36864e4f42be38a996db40420fe434565e4480e3322f18eb37589617a98640c5dc8fdec1a387007ee18dbb1f3f5553409c34d17f425e
  languageName: node
  linkType: hard

"globby@npm:^11.1.0":
  version: 11.1.0
  resolution: "globby@npm:11.1.0"
  dependencies:
    array-union: ^2.1.0
    dir-glob: ^3.0.1
    fast-glob: ^3.2.9
    ignore: ^5.2.0
    merge2: ^1.4.1
    slash: ^3.0.0
  checksum: b4be8885e0cfa018fc783792942d53926c35c50b3aefd3fdcfb9d22c627639dc26bd2327a40a0b74b074100ce95bb7187bfeae2f236856aa3de183af7a02aea6
  languageName: node
  linkType: hard

"graphemer@npm:^1.4.0":
  version: 1.4.0
  resolution: "graphemer@npm:1.4.0"
  checksum: bab8f0be9b568857c7bec9fda95a89f87b783546d02951c40c33f84d05bb7da3fd10f863a9beb901463669b6583173a8c8cc6d6b306ea2b9b9d5d3d943c3a673
  languageName: node
  linkType: hard

"ignore@npm:^5.2.0":
  version: 5.3.2
  resolution: "ignore@npm:5.3.2"
  checksum: 2acfd32a573260ea522ea0bfeff880af426d68f6831f973129e2ba7363f422923cf53aab62f8369cbf4667c7b25b6f8a3761b34ecdb284ea18e87a5262a865be
  languageName: node
  linkType: hard

"is-extglob@npm:^2.1.1":
  version: 2.1.1
  resolution: "is-extglob@npm:2.1.1"
  checksum: df033653d06d0eb567461e58a7a8c9f940bd8c22274b94bf7671ab36df5719791aae15eef6d83bbb5e23283967f2f984b8914559d4449efda578c775c4be6f85
  languageName: node
  linkType: hard

"is-glob@npm:^4.0.1, is-glob@npm:^4.0.3":
  version: 4.0.3
  resolution: "is-glob@npm:4.0.3"
  dependencies:
    is-extglob: ^2.1.1
  checksum: d381c1319fcb69d341cc6e6c7cd588e17cd94722d9a32dbd60660b993c4fb7d0f19438674e68dfec686d09b7c73139c9166b47597f846af387450224a8101ab4
  languageName: node
  linkType: hard

"is-number@npm:^7.0.0":
  version: 7.0.0
  resolution: "is-number@npm:7.0.0"
  checksum: 456ac6f8e0f3111ed34668a624e45315201dff921e5ac181f8ec24923b99e9f32ca1a194912dc79d539c97d33dba17dc635202ff0b2cf98326f608323276d27a
  languageName: node
  linkType: hard

"merge2@npm:^1.3.0, merge2@npm:^1.4.1":
  version: 1.4.1
  resolution: "merge2@npm:1.4.1"
  checksum: 7268db63ed5169466540b6fb947aec313200bcf6d40c5ab722c22e242f651994619bcd85601602972d3c85bd2cc45a358a4c61937e9f11a061919a1da569b0c2
  languageName: node
  linkType: hard

"micromatch@npm:^4.0.4":
  version: 4.0.8
  resolution: "micromatch@npm:4.0.8"
  dependencies:
    braces: ^3.0.3
    picomatch: ^2.3.1
  checksum: 79920eb634e6f400b464a954fcfa589c4e7c7143209488e44baf627f9affc8b1e306f41f4f0deedde97e69cb725920879462d3e750ab3bd3c1aed675bb3a8966
  languageName: node
  linkType: hard

"ms@npm:^2.1.3":
  version: 2.1.3
  resolution: "ms@npm:2.1.3"
  checksum: aa92de608021b242401676e35cfa5aa42dd70cbdc082b916da7fb925c542173e36bce97ea3e804923fe92c0ad991434e4a38327e15a1b5b5f945d66df615ae6d
  languageName: node
  linkType: hard

"natural-compare-lite@npm:^1.4.0":
  version: 1.4.0
  resolution: "natural-compare-lite@npm:1.4.0"
  checksum: 5222ac3986a2b78dd6069ac62cbb52a7bf8ffc90d972ab76dfe7b01892485d229530ed20d0c62e79a6b363a663b273db3bde195a1358ce9e5f779d4453887225
  languageName: node
  linkType: hard

"path-type@npm:^4.0.0":
  version: 4.0.0
  resolution: "path-type@npm:4.0.0"
  checksum: 5b1e2daa247062061325b8fdbfd1fb56dde0a448fb1455453276ea18c60685bdad23a445dc148cf87bc216be1573357509b7d4060494a6fd768c7efad833ee45
  languageName: node
  linkType: hard

"picomatch@npm:^2.3.1":
  version: 2.3.1
  resolution: "picomatch@npm:2.3.1"
  checksum: 050c865ce81119c4822c45d3c84f1ced46f93a0126febae20737bd05ca20589c564d6e9226977df859ed5e03dc73f02584a2b0faad36e896936238238b0446cf
  languageName: node
  linkType: hard

"queue-microtask@npm:^1.2.2":
  version: 1.2.3
  resolution: "queue-microtask@npm:1.2.3"
  checksum: b676f8c040cdc5b12723ad2f91414d267605b26419d5c821ff03befa817ddd10e238d22b25d604920340fd73efd8ba795465a0377c4adf45a4a41e4234e42dc4
  languageName: node
  linkType: hard

"reusify@npm:^1.0.4":
  version: 1.0.4
  resolution: "reusify@npm:1.0.4"
  checksum: c3076ebcc22a6bc252cb0b9c77561795256c22b757f40c0d8110b1300723f15ec0fc8685e8d4ea6d7666f36c79ccc793b1939c748bf36f18f542744a4e379fcc
  languageName: node
  linkType: hard

"run-parallel@npm:^1.1.9":
  version: 1.2.0
  resolution: "run-parallel@npm:1.2.0"
  dependencies:
    queue-microtask: ^1.2.2
  checksum: cb4f97ad25a75ebc11a8ef4e33bb962f8af8516bb2001082ceabd8902e15b98f4b84b4f8a9b222e5d57fc3bd1379c483886ed4619367a7680dad65316993021d
  languageName: node
  linkType: hard

"semver@npm:^7.3.7":
  version: 7.6.3
  resolution: "semver@npm:7.6.3"
  bin:
    semver: bin/semver.js
  checksum: 4110ec5d015c9438f322257b1c51fe30276e5f766a3f64c09edd1d7ea7118ecbc3f379f3b69032bacf13116dc7abc4ad8ce0d7e2bd642e26b0d271b56b61a7d8
  languageName: node
  linkType: hard

"slash@npm:^3.0.0":
  version: 3.0.0
  resolution: "slash@npm:3.0.0"
  checksum: 94a93fff615f25a999ad4b83c9d5e257a7280c90a32a7cb8b4a87996e4babf322e469c42b7f649fd5796edd8687652f3fb452a86dc97a816f01113183393f11c
  languageName: node
  linkType: hard

"suiftly.io@workspace:.":
  version: 0.0.0-use.local
  resolution: "suiftly.io@workspace:."
  dependencies:
    "@typescript-eslint/eslint-plugin": ^5.12.0
    debug: 4.4.0
  languageName: unknown
  linkType: soft

"to-regex-range@npm:^5.0.1":
  version: 5.0.1
  resolution: "to-regex-range@npm:5.0.1"
  dependencies:
    is-number: ^7.0.0
  checksum: f76fa01b3d5be85db6a2a143e24df9f60dd047d151062d0ba3df62953f2f697b16fe5dad9b0ac6191c7efc7b1d9dcaa4b768174b7b29da89d4428e64bc0a20ed
  languageName: node
  linkType: hard

"tslib@npm:^1.8.1":
  version: 1.14.1
  resolution: "tslib@npm:1.14.1"
  checksum: dbe628ef87f66691d5d2959b3e41b9ca0045c3ee3c7c7b906cc1e328b39f199bb1ad9e671c39025bd56122ac57dfbf7385a94843b1cc07c60a4db74795829acd
  languageName: node
  linkType: hard

"tsutils@npm:^3.21.0":
  version: 3.21.0
  resolution: "tsutils@npm:3.21.0"
  dependencies:
    tslib: ^1.8.1
  peerDependencies:
    typescript: ">=2.8.0 || >= 3.2.0-dev || >= 3.3.0-dev || >= 3.4.0-dev || >= 3.5.0-dev || >= 3.6.0-dev || >= 3.6.0-beta || >= 3.7.0-dev || >= 3.7.0-beta"
  checksum: 1843f4c1b2e0f975e08c4c21caa4af4f7f65a12ac1b81b3b8489366826259323feb3fc7a243123453d2d1a02314205a7634e048d4a8009921da19f99755cdc48
  languageName: node
  linkType: hard
