# This file is automatically @generated by Cargo.
# It is not intended for manual editing.
version = 3

[[package]]
name = "addr2line"
version = "0.15.2"
source = "registry+https://github.com/rust-lang/crates.io-index"
checksum = "e7a2e47a1fbe209ee101dd6d61285226744c6c8d3c21c8dc878ba6cb9f467f3a"
dependencies = [
 "gimli",
]
