# Generated by pub
# See http://pub.dartlang.org/doc/glossary.html#lockfile
packages:
  back_button_interceptor:
    dependency: "direct main"
    description:
      name: back_button_interceptor
      url: "https://pub.dartlang.org"
    source: hosted
    version: "6.0.1"
  build_runner:
    dependency: "direct dev"
    description:
      name: build_runner
      url: "https://pub.dartlang.org"
    source: hosted
    version: "2.2.1"
  shelf:
    dependency: transitive
    description:
      name: shelf
      url: "https://pub.dartlang.org"
    source: hosted
    version: "1.3.2"
  shelf_web_socket:
    dependency: transitive
    description:
      name: shelf_web_socket
      url: "https://pub.dartlang.org"
    source: hosted
    version: "1.0.2"
