# Generated by pub
# See https://dart.dev/tools/pub/glossary#lockfile
packages:
  flutter_rust_bridge:
    dependency: "direct main"
    description:
      path: frb_dart
      ref: master
      resolved-ref: e5adce55eea0b74d3680e66a2c5252edf17b07e1
      url: "https://github.com/SoLongAndThanksForAllThePizza/flutter_rust_bridge"
    source: git
    version: "1.32.0"
  screen_retriever:
    dependency: transitive
    description:
      path: "."
      ref: "406b9b0"
      resolved-ref: "406b9b038b2c1d779f1e7bf609c8c248be247372"
      url: "https://github.com/Kingtous/rustdesk_screen_retriever.git"
    source: git
    version: "0.1.2"
  toggle_switch:
    dependency: "direct main"
    description:
      name: toggle_switch
      url: "https://pub.dartlang.org"
    source: hosted
    version: "1.4.0"
  tray_manager:
    dependency: "direct main"
    description:
      path: "."
      ref: "3aa37c86e47ea748e7b5507cbe59f2c54ebdb23a"
      resolved-ref: "3aa37c86e47ea748e7b5507cbe59f2c54ebdb23a"
      url: "https://github.com/Kingtous/rustdesk_tray_manager"
    source: git
    version: "0.1.8"
  window_manager:
    dependency: "direct main"
    description:
      path: "."
      ref: "88487257cbafc501599ab4f82ec343b46acec020"
      resolved-ref: "88487257cbafc501599ab4f82ec343b46acec020"
      url: "https://github.com/Kingtous/rustdesk_window_manager"
    source: git
    version: "0.2.7"
