# Generated by pub
# See http://pub.dartlang.org/doc/glossary.html#lockfile
packages:
  shelf:
    dependency: transitive
    description:
      name: shelf
      url: "https://pub.dartlang.org"
    source: hosted
    version: "1.3.2"
  shelf_web_socket:
    dependency: transitive
    description:
      name: shelf_web_socket
      url: "https://pub.dartlang.org"
    source: hosted
    version: "1.0.2"
